// !$*UTF8*$!
{
	archiveVersion = 1;
	classes = {
	};
	objectVersion = 56;
	objects = {

/* Begin PBXBuildFile section */
		0308DA442A2CD97F00B784B9 /* Color.xcassets in Resources */ = {isa = PBXBuildFile; fileRef = 0308DA432A2CD97F00B784B9 /* Color.xcassets */; };
		0308DA462A2CDC9200B784B9 /* Image.xcassets in Resources */ = {isa = PBXBuildFile; fileRef = 0308DA452A2CDC9200B784B9 /* Image.xcassets */; };
		0308DA4B2A2DEDD200B784B9 /* NotoSansKR-Regular.otf in Resources */ = {isa = PBXBuildFile; fileRef = 0308DA482A2DEDD100B784B9 /* NotoSansKR-Regular.otf */; };
		0308DA4C2A2DEDD200B784B9 /* NotoSansKR-Bold.otf in Resources */ = {isa = PBXBuildFile; fileRef = 0308DA492A2DEDD200B784B9 /* NotoSansKR-Bold.otf */; };
		0308DA4D2A2DEDD200B784B9 /* NotoSansKR-Medium.otf in Resources */ = {isa = PBXBuildFile; fileRef = 0308DA4A2A2DEDD200B784B9 /* NotoSansKR-Medium.otf */; };
		0308DA4F2A2DEEB300B784B9 /* NotoSansKRType.swift in Sources */ = {isa = PBXBuildFile; fileRef = 0308DA4E2A2DEEB300B784B9 /* NotoSansKRType.swift */; };
		0308DA522A2DEF9D00B784B9 /* FontLevel.swift in Sources */ = {isa = PBXBuildFile; fileRef = 0308DA512A2DEF9D00B784B9 /* FontLevel.swift */; };
		0308DA542A2DF7CF00B784B9 /* UIFont+.swift in Sources */ = {isa = PBXBuildFile; fileRef = 0308DA532A2DF7CF00B784B9 /* UIFont+.swift */; };
		0308DA562A2DF82C00B784B9 /* NSMutableAttributedString+.swift in Sources */ = {isa = PBXBuildFile; fileRef = 0308DA552A2DF82C00B784B9 /* NSMutableAttributedString+.swift */; };
		031CBDFF2A6FE45100301F06 /* ShareNavigationView.swift in Sources */ = {isa = PBXBuildFile; fileRef = 031CBDFE2A6FE45100301F06 /* ShareNavigationView.swift */; };
		031CBE022A6FE90600301F06 /* CustomNavigationBar.swift in Sources */ = {isa = PBXBuildFile; fileRef = 031CBE012A6FE90600301F06 /* CustomNavigationBar.swift */; };
		0330CA702A761AFB004CE2D7 /* MyProfileView.swift in Sources */ = {isa = PBXBuildFile; fileRef = 0330CA6F2A761AFB004CE2D7 /* MyProfileView.swift */; };
		034650852A49C6AB0024AEC6 /* SearchViewController.swift in Sources */ = {isa = PBXBuildFile; fileRef = 034650842A49C6AB0024AEC6 /* SearchViewController.swift */; };
		035079222A3DF831007F28DF /* TabBarController.swift in Sources */ = {isa = PBXBuildFile; fileRef = 035079212A3DF831007F28DF /* TabBarController.swift */; };
		035079242A3DF881007F28DF /* TabBarItem.swift in Sources */ = {isa = PBXBuildFile; fileRef = 035079232A3DF881007F28DF /* TabBarItem.swift */; };
		035079272A3DFA9E007F28DF /* WriteViewController.swift in Sources */ = {isa = PBXBuildFile; fileRef = 035079262A3DFA9E007F28DF /* WriteViewController.swift */; };
		0350792B2A3DFAE5007F28DF /* MyPageViewController.swift in Sources */ = {isa = PBXBuildFile; fileRef = 0350792A2A3DFAE5007F28DF /* MyPageViewController.swift */; };
		0350792E2A3EDE29007F28DF /* CategorySection.swift in Sources */ = {isa = PBXBuildFile; fileRef = 0350792D2A3EDE29007F28DF /* CategorySection.swift */; };
		035615572A3C4F1500CC9A5E /* CategoryCollectionViewCell.swift in Sources */ = {isa = PBXBuildFile; fileRef = 035615562A3C4F1500CC9A5E /* CategoryCollectionViewCell.swift */; };
		0356155A2A3C55BE00CC9A5E /* CategoryModel.swift in Sources */ = {isa = PBXBuildFile; fileRef = 035615592A3C55BE00CC9A5E /* CategoryModel.swift */; };
		035615602A3C89E300CC9A5E /* ShareViewController.swift in Sources */ = {isa = PBXBuildFile; fileRef = 0356155F2A3C89E300CC9A5E /* ShareViewController.swift */; };
		035615652A3CAABC00CC9A5E /* ShareListView.swift in Sources */ = {isa = PBXBuildFile; fileRef = 035615642A3CAABC00CC9A5E /* ShareListView.swift */; };
		035615672A3CAEA600CC9A5E /* ShareListCollectionViewCell.swift in Sources */ = {isa = PBXBuildFile; fileRef = 035615662A3CAEA600CC9A5E /* ShareListCollectionViewCell.swift */; };
		035615692A3CB4A300CC9A5E /* ShareListModel.swift in Sources */ = {isa = PBXBuildFile; fileRef = 035615682A3CB4A300CC9A5E /* ShareListModel.swift */; };
		0366B7982ABAE6920005BF0F /* UIResponder+.swift in Sources */ = {isa = PBXBuildFile; fileRef = 0366B7972ABAE6920005BF0F /* UIResponder+.swift */; };
		0366B7A02ABAF6FE0005BF0F /* AddCouponViewController.swift in Sources */ = {isa = PBXBuildFile; fileRef = 0366B79F2ABAF6FE0005BF0F /* AddCouponViewController.swift */; };
		0366B7A42ABB55E10005BF0F /* HomeViewController.swift in Sources */ = {isa = PBXBuildFile; fileRef = 0366B7A32ABB55E10005BF0F /* HomeViewController.swift */; };
		0366B7A62ABB5C490005BF0F /* CustomHomeButton.swift in Sources */ = {isa = PBXBuildFile; fileRef = 0366B7A52ABB5C490005BF0F /* CustomHomeButton.swift */; };
		0366B7A92ABB79960005BF0F /* HomeUserModel.swift in Sources */ = {isa = PBXBuildFile; fileRef = 0366B7A82ABB79960005BF0F /* HomeUserModel.swift */; };
		0367813E2AB993F400866F31 /* SizeLiterals.swift in Sources */ = {isa = PBXBuildFile; fileRef = 0367813D2AB993F400866F31 /* SizeLiterals.swift */; };
		036781412AB998B100866F31 /* EventDetailViewController.swift in Sources */ = {isa = PBXBuildFile; fileRef = 036781402AB998B100866F31 /* EventDetailViewController.swift */; };
		036781452AB9D6BD00866F31 /* EventDetailModel.swift in Sources */ = {isa = PBXBuildFile; fileRef = 036781442AB9D6BD00866F31 /* EventDetailModel.swift */; };
		036781492AB9DF4200866F31 /* CustomButtonView.swift in Sources */ = {isa = PBXBuildFile; fileRef = 036781482AB9DF4200866F31 /* CustomButtonView.swift */; };
		0367814C2AB9E8AA00866F31 /* CustomAlertView.swift in Sources */ = {isa = PBXBuildFile; fileRef = 0367814B2AB9E8AA00866F31 /* CustomAlertView.swift */; };
		036781512AB9FDC700866F31 /* CreateEventViewController.swift in Sources */ = {isa = PBXBuildFile; fileRef = 036781502AB9FDC700866F31 /* CreateEventViewController.swift */; };
		036781542AB9FE1F00866F31 /* CustomTextFieldView.swift in Sources */ = {isa = PBXBuildFile; fileRef = 036781532AB9FE1F00866F31 /* CustomTextFieldView.swift */; };
		036781562ABA0FFA00866F31 /* UITextView+.swift in Sources */ = {isa = PBXBuildFile; fileRef = 036781552ABA0FFA00866F31 /* UITextView+.swift */; };
		036E4B492AC04FAD0045802D /* Config+.swift in Sources */ = {isa = PBXBuildFile; fileRef = 036E4B482AC04FAD0045802D /* Config+.swift */; };
		036E4B4B2AC050400045802D /* URLConst.swift in Sources */ = {isa = PBXBuildFile; fileRef = 036E4B4A2AC050400045802D /* URLConst.swift */; };
		036E4B4E2AC19D800045802D /* MyPageService.swift in Sources */ = {isa = PBXBuildFile; fileRef = 036E4B4D2AC19D800045802D /* MyPageService.swift */; };
		0370B4AD2A8CFAF600005400 /* SignInTextFieldView.swift in Sources */ = {isa = PBXBuildFile; fileRef = 0370B4AC2A8CFAF600005400 /* SignInTextFieldView.swift */; };
		0370B4AF2A8D151900005400 /* SignUpViewController.swift in Sources */ = {isa = PBXBuildFile; fileRef = 0370B4AE2A8D151900005400 /* SignUpViewController.swift */; };
		0370B4B12A8D17E100005400 /* CustomCheckButton.swift in Sources */ = {isa = PBXBuildFile; fileRef = 0370B4B02A8D17E100005400 /* CustomCheckButton.swift */; };
		0370B4B32A8D1DFC00005400 /* SignInViewController.swift in Sources */ = {isa = PBXBuildFile; fileRef = 0370B4B22A8D1DFC00005400 /* SignInViewController.swift */; };
		0370B4BB2A8E20EF00005400 /* ChatListViewController.swift in Sources */ = {isa = PBXBuildFile; fileRef = 0370B4BA2A8E20EF00005400 /* ChatListViewController.swift */; };
		0370B4BE2A8E25C000005400 /* ChatListView.swift in Sources */ = {isa = PBXBuildFile; fileRef = 0370B4BD2A8E25C000005400 /* ChatListView.swift */; };
		0370B4C12A8E274400005400 /* ChatListCollectionViewCell.swift in Sources */ = {isa = PBXBuildFile; fileRef = 0370B4C02A8E274400005400 /* ChatListCollectionViewCell.swift */; };
		0370F3A02A442A9C00A9AF28 /* LabelStatusModel.swift in Sources */ = {isa = PBXBuildFile; fileRef = 0370F39F2A442A9C00A9AF28 /* LabelStatusModel.swift */; };
		03931ABF2A2CA5F700B235D9 /* AppDelegate.swift in Sources */ = {isa = PBXBuildFile; fileRef = 03931ABE2A2CA5F700B235D9 /* AppDelegate.swift */; };
		03931AC12A2CA5F700B235D9 /* SceneDelegate.swift in Sources */ = {isa = PBXBuildFile; fileRef = 03931AC02A2CA5F700B235D9 /* SceneDelegate.swift */; };
		03931AC32A2CA5F700B235D9 /* CategoryViewController.swift in Sources */ = {isa = PBXBuildFile; fileRef = 03931AC22A2CA5F700B235D9 /* CategoryViewController.swift */; };
		03931AC82A2CA5F900B235D9 /* Assets.xcassets in Resources */ = {isa = PBXBuildFile; fileRef = 03931AC72A2CA5F900B235D9 /* Assets.xcassets */; };
		03931ACB2A2CA5F900B235D9 /* LaunchScreen.storyboard in Resources */ = {isa = PBXBuildFile; fileRef = 03931AC92A2CA5F900B235D9 /* LaunchScreen.storyboard */; };
		03931AD72A2CA75B00B235D9 /* DTO.swift in Sources */ = {isa = PBXBuildFile; fileRef = 03931AD62A2CA75B00B235D9 /* DTO.swift */; };
		03931AD92A2CA76200B235D9 /* Model.swift in Sources */ = {isa = PBXBuildFile; fileRef = 03931AD82A2CA76200B235D9 /* Model.swift */; };
		03931ADD2A2CAD5700B235D9 /* APIService.swift in Sources */ = {isa = PBXBuildFile; fileRef = 03931ADC2A2CAD5700B235D9 /* APIService.swift */; };
		03931AE02A2CAD6D00B235D9 /* GeneralResponse.swift in Sources */ = {isa = PBXBuildFile; fileRef = 03931ADF2A2CAD6D00B235D9 /* GeneralResponse.swift */; };
		03931AE82A2CB2E200B235D9 /* UIView+.swift in Sources */ = {isa = PBXBuildFile; fileRef = 03931AE72A2CB2E200B235D9 /* UIView+.swift */; };
		03931AEA2A2CB2F000B235D9 /* NSObject+.swift in Sources */ = {isa = PBXBuildFile; fileRef = 03931AE92A2CB2F000B235D9 /* NSObject+.swift */; };
		03931AEC2A2CB30E00B235D9 /* UITextField+.swift in Sources */ = {isa = PBXBuildFile; fileRef = 03931AEB2A2CB30E00B235D9 /* UITextField+.swift */; };
		03931AEE2A2CB31C00B235D9 /* UIStackView+.swift in Sources */ = {isa = PBXBuildFile; fileRef = 03931AED2A2CB31C00B235D9 /* UIStackView+.swift */; };
		03931AF02A2CB32E00B235D9 /* UITableView+.swift in Sources */ = {isa = PBXBuildFile; fileRef = 03931AEF2A2CB32E00B235D9 /* UITableView+.swift */; };
		03931AF22A2CB33B00B235D9 /* UICollectionView+.swift in Sources */ = {isa = PBXBuildFile; fileRef = 03931AF12A2CB33B00B235D9 /* UICollectionView+.swift */; };
		03931AF42A2CB34A00B235D9 /* String+.swift in Sources */ = {isa = PBXBuildFile; fileRef = 03931AF32A2CB34A00B235D9 /* String+.swift */; };
		03931AF62A2CB35700B235D9 /* UIImageView+.swift in Sources */ = {isa = PBXBuildFile; fileRef = 03931AF52A2CB35700B235D9 /* UIImageView+.swift */; };
		03931AF82A2CB36400B235D9 /* UILabel+.swift in Sources */ = {isa = PBXBuildFile; fileRef = 03931AF72A2CB36400B235D9 /* UILabel+.swift */; };
		03931AFA2A2CB37700B235D9 /* UIButton+.swift in Sources */ = {isa = PBXBuildFile; fileRef = 03931AF92A2CB37700B235D9 /* UIButton+.swift */; };
		03931AFC2A2CB38300B235D9 /* UITabBar+.swift in Sources */ = {isa = PBXBuildFile; fileRef = 03931AFB2A2CB38300B235D9 /* UITabBar+.swift */; };
		03931AFE2A2CB39100B235D9 /* UIImage+.swift in Sources */ = {isa = PBXBuildFile; fileRef = 03931AFD2A2CB39100B235D9 /* UIImage+.swift */; };
		03931B002A2CB39D00B235D9 /* UIViewController+.swift in Sources */ = {isa = PBXBuildFile; fileRef = 03931AFF2A2CB39D00B235D9 /* UIViewController+.swift */; };
		03931B022A2CB3D100B235D9 /* Image.swift in Sources */ = {isa = PBXBuildFile; fileRef = 03931B012A2CB3D100B235D9 /* Image.swift */; };
		03931B042A2CB3D700B235D9 /* Color.swift in Sources */ = {isa = PBXBuildFile; fileRef = 03931B032A2CB3D700B235D9 /* Color.swift */; };
		03931B072A2CB4FC00B235D9 /* Then in Frameworks */ = {isa = PBXBuildFile; productRef = 03931B062A2CB4FC00B235D9 /* Then */; };
		03931B0A2A2CB50E00B235D9 /* SnapKit in Frameworks */ = {isa = PBXBuildFile; productRef = 03931B092A2CB50E00B235D9 /* SnapKit */; };
		03931B0D2A2CB56600B235D9 /* Moya in Frameworks */ = {isa = PBXBuildFile; productRef = 03931B0C2A2CB56600B235D9 /* Moya */; };
		03931B102A2CB57900B235D9 /* Kingfisher in Frameworks */ = {isa = PBXBuildFile; productRef = 03931B0F2A2CB57900B235D9 /* Kingfisher */; };
		03931B122A2CB68B00B235D9 /* NetworkLoggerPlugin.swift in Sources */ = {isa = PBXBuildFile; fileRef = 03931B112A2CB68B00B235D9 /* NetworkLoggerPlugin.swift */; };
		03931B142A2CB85600B235D9 /* APIConst.swift in Sources */ = {isa = PBXBuildFile; fileRef = 03931B132A2CB85600B235D9 /* APIConst.swift */; };
		03B004A72A546ECD00E71CA7 /* SearchSection.swift in Sources */ = {isa = PBXBuildFile; fileRef = 03B004A62A546ECD00E71CA7 /* SearchSection.swift */; };
		03B169122AAF52DE00FC4891 /* MyPageSectionTab.swift in Sources */ = {isa = PBXBuildFile; fileRef = 03B169112AAF52DE00FC4891 /* MyPageSectionTab.swift */; };
		03B1691C2AB3701900FC4891 /* UIAlertController+.swift in Sources */ = {isa = PBXBuildFile; fileRef = 03B1691B2AB3701900FC4891 /* UIAlertController+.swift */; };
		03FD52A32AA34B1F00899F4F /* ChatViewController.swift in Sources */ = {isa = PBXBuildFile; fileRef = 03FD52A22AA34B1F00899F4F /* ChatViewController.swift */; };
		03FD52A52AA3647500899F4F /* ChatView.swift in Sources */ = {isa = PBXBuildFile; fileRef = 03FD52A42AA3647500899F4F /* ChatView.swift */; };
		03FD52A72AA4739200899F4F /* ChatCollectionViewCell.swift in Sources */ = {isa = PBXBuildFile; fileRef = 03FD52A62AA4739200899F4F /* ChatCollectionViewCell.swift */; };
		03FD52AA2AA476AF00899F4F /* ChatModel.swift in Sources */ = {isa = PBXBuildFile; fileRef = 03FD52A92AA476AF00899F4F /* ChatModel.swift */; };
		3B3677872AAF374400FF4ED1 /* CommonBorrowLabel.swift in Sources */ = {isa = PBXBuildFile; fileRef = 3B3677862AAF374400FF4ED1 /* CommonBorrowLabel.swift */; };
		3B36778A2AAF42E400FF4ED1 /* BorrowTypeCollectionViewDelegate.swift in Sources */ = {isa = PBXBuildFile; fileRef = 3B3677892AAF42E400FF4ED1 /* BorrowTypeCollectionViewDelegate.swift */; };
		3B36778C2AAF4B3900FF4ED1 /* CategoryCollectionViewDelegate.swift in Sources */ = {isa = PBXBuildFile; fileRef = 3B36778B2AAF4B3900FF4ED1 /* CategoryCollectionViewDelegate.swift */; };
		3B45268E2AB0C65200D8CE37 /* BorrowTypeModel.swift in Sources */ = {isa = PBXBuildFile; fileRef = 3B45268D2AB0C65200D8CE37 /* BorrowTypeModel.swift */; };
		3B6C6FBA2ABB65E000B4141B /* CouponViewController.swift in Sources */ = {isa = PBXBuildFile; fileRef = 3B6C6FB92ABB65E000B4141B /* CouponViewController.swift */; };
		3B6C6FBD2ABB6B6300B4141B /* AddCollectionViewCell.swift in Sources */ = {isa = PBXBuildFile; fileRef = 3B6C6FBC2ABB6B6300B4141B /* AddCollectionViewCell.swift */; };
		3B6C6FBF2ABB710900B4141B /* CouponCollectionViewCell.swift in Sources */ = {isa = PBXBuildFile; fileRef = 3B6C6FBE2ABB710900B4141B /* CouponCollectionViewCell.swift */; };
		3B7311752ABC89F7002726E4 /* CouponListModel.swift in Sources */ = {isa = PBXBuildFile; fileRef = 3B7311742ABC89F7002726E4 /* CouponListModel.swift */; };
		3BA183F72AB3FC5C00C3D2D6 /* GoogleService-Info.plist in Resources */ = {isa = PBXBuildFile; fileRef = 3BA183F62AB3FC5C00C3D2D6 /* GoogleService-Info.plist */; };
		3BA183FA2AB4059100C3D2D6 /* FirebaseAnalytics in Frameworks */ = {isa = PBXBuildFile; productRef = 3BA183F92AB4059100C3D2D6 /* FirebaseAnalytics */; };
		3BA183FC2AB4059100C3D2D6 /* FirebaseMessaging in Frameworks */ = {isa = PBXBuildFile; productRef = 3BA183FB2AB4059100C3D2D6 /* FirebaseMessaging */; };
		3BBF95032ABC8EA1000F51B1 /* EventListViewController.swift in Sources */ = {isa = PBXBuildFile; fileRef = 3BBF95022ABC8EA1000F51B1 /* EventListViewController.swift */; };
		3BBF95052ABC9062000F51B1 /* EventCollectionViewCell.swift in Sources */ = {isa = PBXBuildFile; fileRef = 3BBF95042ABC9062000F51B1 /* EventCollectionViewCell.swift */; };
		3BBF95082ABC9146000F51B1 /* EventListModel.swift in Sources */ = {isa = PBXBuildFile; fileRef = 3BBF95072ABC9146000F51B1 /* EventListModel.swift */; };
		3BD2E38D2AAE48B400220B44 /* BorrowTypeCollectionViewCell.swift in Sources */ = {isa = PBXBuildFile; fileRef = 3BD2E38C2AAE48B400220B44 /* BorrowTypeCollectionViewCell.swift */; };
		3BFA40542AADF77A00382B9B /* WriteNavigationView.swift in Sources */ = {isa = PBXBuildFile; fileRef = 3BFA40532AADF77A00382B9B /* WriteNavigationView.swift */; };
		3BFA40572AAE0EF000382B9B /* CategoryCollectionView.swift in Sources */ = {isa = PBXBuildFile; fileRef = 3BFA40562AAE0EF000382B9B /* CategoryCollectionView.swift */; };
		98A955F32A60F97400B9BFD3 /* DetailViewController.swift in Sources */ = {isa = PBXBuildFile; fileRef = 98A955F22A60F97400B9BFD3 /* DetailViewController.swift */; };
/* End PBXBuildFile section */

/* Begin PBXFileReference section */
		0308DA432A2CD97F00B784B9 /* Color.xcassets */ = {isa = PBXFileReference; lastKnownFileType = folder.assetcatalog; path = Color.xcassets; sourceTree = "<group>"; };
		0308DA452A2CDC9200B784B9 /* Image.xcassets */ = {isa = PBXFileReference; lastKnownFileType = folder.assetcatalog; path = Image.xcassets; sourceTree = "<group>"; };
		0308DA482A2DEDD100B784B9 /* NotoSansKR-Regular.otf */ = {isa = PBXFileReference; lastKnownFileType = file; path = "NotoSansKR-Regular.otf"; sourceTree = "<group>"; };
		0308DA492A2DEDD200B784B9 /* NotoSansKR-Bold.otf */ = {isa = PBXFileReference; lastKnownFileType = file; path = "NotoSansKR-Bold.otf"; sourceTree = "<group>"; };
		0308DA4A2A2DEDD200B784B9 /* NotoSansKR-Medium.otf */ = {isa = PBXFileReference; lastKnownFileType = file; path = "NotoSansKR-Medium.otf"; sourceTree = "<group>"; };
		0308DA4E2A2DEEB300B784B9 /* NotoSansKRType.swift */ = {isa = PBXFileReference; lastKnownFileType = sourcecode.swift; path = NotoSansKRType.swift; sourceTree = "<group>"; };
		0308DA512A2DEF9D00B784B9 /* FontLevel.swift */ = {isa = PBXFileReference; lastKnownFileType = sourcecode.swift; path = FontLevel.swift; sourceTree = "<group>"; };
		0308DA532A2DF7CF00B784B9 /* UIFont+.swift */ = {isa = PBXFileReference; lastKnownFileType = sourcecode.swift; path = "UIFont+.swift"; sourceTree = "<group>"; };
		0308DA552A2DF82C00B784B9 /* NSMutableAttributedString+.swift */ = {isa = PBXFileReference; lastKnownFileType = sourcecode.swift; path = "NSMutableAttributedString+.swift"; sourceTree = "<group>"; };
		031CBDFE2A6FE45100301F06 /* ShareNavigationView.swift */ = {isa = PBXFileReference; lastKnownFileType = sourcecode.swift; path = ShareNavigationView.swift; sourceTree = "<group>"; };
		031CBE012A6FE90600301F06 /* CustomNavigationBar.swift */ = {isa = PBXFileReference; lastKnownFileType = sourcecode.swift; path = CustomNavigationBar.swift; sourceTree = "<group>"; };
		0330CA6F2A761AFB004CE2D7 /* MyProfileView.swift */ = {isa = PBXFileReference; lastKnownFileType = sourcecode.swift; path = MyProfileView.swift; sourceTree = "<group>"; };
		034650842A49C6AB0024AEC6 /* SearchViewController.swift */ = {isa = PBXFileReference; lastKnownFileType = sourcecode.swift; path = SearchViewController.swift; sourceTree = "<group>"; };
		035079212A3DF831007F28DF /* TabBarController.swift */ = {isa = PBXFileReference; lastKnownFileType = sourcecode.swift; path = TabBarController.swift; sourceTree = "<group>"; };
		035079232A3DF881007F28DF /* TabBarItem.swift */ = {isa = PBXFileReference; lastKnownFileType = sourcecode.swift; path = TabBarItem.swift; sourceTree = "<group>"; };
		035079262A3DFA9E007F28DF /* WriteViewController.swift */ = {isa = PBXFileReference; lastKnownFileType = sourcecode.swift; path = WriteViewController.swift; sourceTree = "<group>"; };
		0350792A2A3DFAE5007F28DF /* MyPageViewController.swift */ = {isa = PBXFileReference; lastKnownFileType = sourcecode.swift; path = MyPageViewController.swift; sourceTree = "<group>"; };
		0350792D2A3EDE29007F28DF /* CategorySection.swift */ = {isa = PBXFileReference; lastKnownFileType = sourcecode.swift; path = CategorySection.swift; sourceTree = "<group>"; };
		035615562A3C4F1500CC9A5E /* CategoryCollectionViewCell.swift */ = {isa = PBXFileReference; lastKnownFileType = sourcecode.swift; path = CategoryCollectionViewCell.swift; sourceTree = "<group>"; };
		035615592A3C55BE00CC9A5E /* CategoryModel.swift */ = {isa = PBXFileReference; lastKnownFileType = sourcecode.swift; path = CategoryModel.swift; sourceTree = "<group>"; };
		0356155F2A3C89E300CC9A5E /* ShareViewController.swift */ = {isa = PBXFileReference; lastKnownFileType = sourcecode.swift; path = ShareViewController.swift; sourceTree = "<group>"; };
		035615642A3CAABC00CC9A5E /* ShareListView.swift */ = {isa = PBXFileReference; lastKnownFileType = sourcecode.swift; path = ShareListView.swift; sourceTree = "<group>"; };
		035615662A3CAEA600CC9A5E /* ShareListCollectionViewCell.swift */ = {isa = PBXFileReference; lastKnownFileType = sourcecode.swift; path = ShareListCollectionViewCell.swift; sourceTree = "<group>"; };
		035615682A3CB4A300CC9A5E /* ShareListModel.swift */ = {isa = PBXFileReference; lastKnownFileType = sourcecode.swift; path = ShareListModel.swift; sourceTree = "<group>"; };
		0366B7972ABAE6920005BF0F /* UIResponder+.swift */ = {isa = PBXFileReference; lastKnownFileType = sourcecode.swift; path = "UIResponder+.swift"; sourceTree = "<group>"; };
		0366B79F2ABAF6FE0005BF0F /* AddCouponViewController.swift */ = {isa = PBXFileReference; lastKnownFileType = sourcecode.swift; path = AddCouponViewController.swift; sourceTree = "<group>"; };
		0366B7A32ABB55E10005BF0F /* HomeViewController.swift */ = {isa = PBXFileReference; lastKnownFileType = sourcecode.swift; path = HomeViewController.swift; sourceTree = "<group>"; };
		0366B7A52ABB5C490005BF0F /* CustomHomeButton.swift */ = {isa = PBXFileReference; lastKnownFileType = sourcecode.swift; path = CustomHomeButton.swift; sourceTree = "<group>"; };
		0366B7A82ABB79960005BF0F /* HomeUserModel.swift */ = {isa = PBXFileReference; lastKnownFileType = sourcecode.swift; path = HomeUserModel.swift; sourceTree = "<group>"; };
		0367813D2AB993F400866F31 /* SizeLiterals.swift */ = {isa = PBXFileReference; lastKnownFileType = sourcecode.swift; path = SizeLiterals.swift; sourceTree = "<group>"; };
		036781402AB998B100866F31 /* EventDetailViewController.swift */ = {isa = PBXFileReference; lastKnownFileType = sourcecode.swift; path = EventDetailViewController.swift; sourceTree = "<group>"; };
		036781442AB9D6BD00866F31 /* EventDetailModel.swift */ = {isa = PBXFileReference; lastKnownFileType = sourcecode.swift; path = EventDetailModel.swift; sourceTree = "<group>"; };
		036781482AB9DF4200866F31 /* CustomButtonView.swift */ = {isa = PBXFileReference; lastKnownFileType = sourcecode.swift; path = CustomButtonView.swift; sourceTree = "<group>"; };
		0367814B2AB9E8AA00866F31 /* CustomAlertView.swift */ = {isa = PBXFileReference; lastKnownFileType = sourcecode.swift; path = CustomAlertView.swift; sourceTree = "<group>"; };
		036781502AB9FDC700866F31 /* CreateEventViewController.swift */ = {isa = PBXFileReference; lastKnownFileType = sourcecode.swift; path = CreateEventViewController.swift; sourceTree = "<group>"; };
		036781532AB9FE1F00866F31 /* CustomTextFieldView.swift */ = {isa = PBXFileReference; lastKnownFileType = sourcecode.swift; path = CustomTextFieldView.swift; sourceTree = "<group>"; };
		036781552ABA0FFA00866F31 /* UITextView+.swift */ = {isa = PBXFileReference; lastKnownFileType = sourcecode.swift; path = "UITextView+.swift"; sourceTree = "<group>"; };
		036E4B482AC04FAD0045802D /* Config+.swift */ = {isa = PBXFileReference; lastKnownFileType = sourcecode.swift; path = "Config+.swift"; sourceTree = "<group>"; };
		036E4B4A2AC050400045802D /* URLConst.swift */ = {isa = PBXFileReference; lastKnownFileType = sourcecode.swift; path = URLConst.swift; sourceTree = "<group>"; };
		036E4B4D2AC19D800045802D /* MyPageService.swift */ = {isa = PBXFileReference; lastKnownFileType = sourcecode.swift; path = MyPageService.swift; sourceTree = "<group>"; };
		0370B4AC2A8CFAF600005400 /* SignInTextFieldView.swift */ = {isa = PBXFileReference; lastKnownFileType = sourcecode.swift; name = SignInTextFieldView.swift; path = WishToGraduate/Presentation/Common/TextField/SignInTextFieldView.swift; sourceTree = SOURCE_ROOT; };
		0370B4AE2A8D151900005400 /* SignUpViewController.swift */ = {isa = PBXFileReference; lastKnownFileType = sourcecode.swift; path = SignUpViewController.swift; sourceTree = "<group>"; };
		0370B4B02A8D17E100005400 /* CustomCheckButton.swift */ = {isa = PBXFileReference; lastKnownFileType = sourcecode.swift; path = CustomCheckButton.swift; sourceTree = "<group>"; };
		0370B4B22A8D1DFC00005400 /* SignInViewController.swift */ = {isa = PBXFileReference; lastKnownFileType = sourcecode.swift; path = SignInViewController.swift; sourceTree = "<group>"; };
		0370B4BA2A8E20EF00005400 /* ChatListViewController.swift */ = {isa = PBXFileReference; lastKnownFileType = sourcecode.swift; path = ChatListViewController.swift; sourceTree = "<group>"; };
		0370B4BD2A8E25C000005400 /* ChatListView.swift */ = {isa = PBXFileReference; lastKnownFileType = sourcecode.swift; path = ChatListView.swift; sourceTree = "<group>"; };
		0370B4C02A8E274400005400 /* ChatListCollectionViewCell.swift */ = {isa = PBXFileReference; lastKnownFileType = sourcecode.swift; path = ChatListCollectionViewCell.swift; sourceTree = "<group>"; };
		0370F39F2A442A9C00A9AF28 /* LabelStatusModel.swift */ = {isa = PBXFileReference; lastKnownFileType = sourcecode.swift; path = LabelStatusModel.swift; sourceTree = "<group>"; };
		03931ABB2A2CA5F700B235D9 /* WishToGraduate.app */ = {isa = PBXFileReference; explicitFileType = wrapper.application; includeInIndex = 0; path = WishToGraduate.app; sourceTree = BUILT_PRODUCTS_DIR; };
		03931ABE2A2CA5F700B235D9 /* AppDelegate.swift */ = {isa = PBXFileReference; lastKnownFileType = sourcecode.swift; path = AppDelegate.swift; sourceTree = "<group>"; };
		03931AC02A2CA5F700B235D9 /* SceneDelegate.swift */ = {isa = PBXFileReference; lastKnownFileType = sourcecode.swift; path = SceneDelegate.swift; sourceTree = "<group>"; };
		03931AC22A2CA5F700B235D9 /* CategoryViewController.swift */ = {isa = PBXFileReference; lastKnownFileType = sourcecode.swift; path = CategoryViewController.swift; sourceTree = "<group>"; };
		03931AC72A2CA5F900B235D9 /* Assets.xcassets */ = {isa = PBXFileReference; lastKnownFileType = folder.assetcatalog; path = Assets.xcassets; sourceTree = "<group>"; };
		03931ACA2A2CA5F900B235D9 /* Base */ = {isa = PBXFileReference; lastKnownFileType = file.storyboard; name = Base; path = Base.lproj/LaunchScreen.storyboard; sourceTree = "<group>"; };
		03931ACC2A2CA5F900B235D9 /* Info.plist */ = {isa = PBXFileReference; lastKnownFileType = text.plist.xml; path = Info.plist; sourceTree = "<group>"; };
		03931AD62A2CA75B00B235D9 /* DTO.swift */ = {isa = PBXFileReference; lastKnownFileType = sourcecode.swift; path = DTO.swift; sourceTree = "<group>"; };
		03931AD82A2CA76200B235D9 /* Model.swift */ = {isa = PBXFileReference; lastKnownFileType = sourcecode.swift; path = Model.swift; sourceTree = "<group>"; };
		03931ADC2A2CAD5700B235D9 /* APIService.swift */ = {isa = PBXFileReference; lastKnownFileType = sourcecode.swift; path = APIService.swift; sourceTree = "<group>"; };
		03931ADF2A2CAD6D00B235D9 /* GeneralResponse.swift */ = {isa = PBXFileReference; lastKnownFileType = sourcecode.swift; path = GeneralResponse.swift; sourceTree = "<group>"; };
		03931AE72A2CB2E200B235D9 /* UIView+.swift */ = {isa = PBXFileReference; lastKnownFileType = sourcecode.swift; path = "UIView+.swift"; sourceTree = "<group>"; };
		03931AE92A2CB2F000B235D9 /* NSObject+.swift */ = {isa = PBXFileReference; lastKnownFileType = sourcecode.swift; path = "NSObject+.swift"; sourceTree = "<group>"; };
		03931AEB2A2CB30E00B235D9 /* UITextField+.swift */ = {isa = PBXFileReference; lastKnownFileType = sourcecode.swift; path = "UITextField+.swift"; sourceTree = "<group>"; };
		03931AED2A2CB31C00B235D9 /* UIStackView+.swift */ = {isa = PBXFileReference; lastKnownFileType = sourcecode.swift; path = "UIStackView+.swift"; sourceTree = "<group>"; };
		03931AEF2A2CB32E00B235D9 /* UITableView+.swift */ = {isa = PBXFileReference; lastKnownFileType = sourcecode.swift; path = "UITableView+.swift"; sourceTree = "<group>"; };
		03931AF12A2CB33B00B235D9 /* UICollectionView+.swift */ = {isa = PBXFileReference; lastKnownFileType = sourcecode.swift; path = "UICollectionView+.swift"; sourceTree = "<group>"; };
		03931AF32A2CB34A00B235D9 /* String+.swift */ = {isa = PBXFileReference; lastKnownFileType = sourcecode.swift; path = "String+.swift"; sourceTree = "<group>"; };
		03931AF52A2CB35700B235D9 /* UIImageView+.swift */ = {isa = PBXFileReference; lastKnownFileType = sourcecode.swift; path = "UIImageView+.swift"; sourceTree = "<group>"; };
		03931AF72A2CB36400B235D9 /* UILabel+.swift */ = {isa = PBXFileReference; lastKnownFileType = sourcecode.swift; path = "UILabel+.swift"; sourceTree = "<group>"; };
		03931AF92A2CB37700B235D9 /* UIButton+.swift */ = {isa = PBXFileReference; lastKnownFileType = sourcecode.swift; path = "UIButton+.swift"; sourceTree = "<group>"; };
		03931AFB2A2CB38300B235D9 /* UITabBar+.swift */ = {isa = PBXFileReference; lastKnownFileType = sourcecode.swift; path = "UITabBar+.swift"; sourceTree = "<group>"; };
		03931AFD2A2CB39100B235D9 /* UIImage+.swift */ = {isa = PBXFileReference; lastKnownFileType = sourcecode.swift; path = "UIImage+.swift"; sourceTree = "<group>"; };
		03931AFF2A2CB39D00B235D9 /* UIViewController+.swift */ = {isa = PBXFileReference; lastKnownFileType = sourcecode.swift; path = "UIViewController+.swift"; sourceTree = "<group>"; };
		03931B012A2CB3D100B235D9 /* Image.swift */ = {isa = PBXFileReference; lastKnownFileType = sourcecode.swift; path = Image.swift; sourceTree = "<group>"; };
		03931B032A2CB3D700B235D9 /* Color.swift */ = {isa = PBXFileReference; lastKnownFileType = sourcecode.swift; path = Color.swift; sourceTree = "<group>"; };
		03931B112A2CB68B00B235D9 /* NetworkLoggerPlugin.swift */ = {isa = PBXFileReference; lastKnownFileType = sourcecode.swift; path = NetworkLoggerPlugin.swift; sourceTree = "<group>"; };
		03931B132A2CB85600B235D9 /* APIConst.swift */ = {isa = PBXFileReference; lastKnownFileType = sourcecode.swift; path = APIConst.swift; sourceTree = "<group>"; };
		03B004A62A546ECD00E71CA7 /* SearchSection.swift */ = {isa = PBXFileReference; lastKnownFileType = sourcecode.swift; path = SearchSection.swift; sourceTree = "<group>"; };
		03B169112AAF52DE00FC4891 /* MyPageSectionTab.swift */ = {isa = PBXFileReference; lastKnownFileType = sourcecode.swift; path = MyPageSectionTab.swift; sourceTree = "<group>"; };
		03B1691B2AB3701900FC4891 /* UIAlertController+.swift */ = {isa = PBXFileReference; lastKnownFileType = sourcecode.swift; path = "UIAlertController+.swift"; sourceTree = "<group>"; };
		03FD52A22AA34B1F00899F4F /* ChatViewController.swift */ = {isa = PBXFileReference; lastKnownFileType = sourcecode.swift; path = ChatViewController.swift; sourceTree = "<group>"; };
		03FD52A42AA3647500899F4F /* ChatView.swift */ = {isa = PBXFileReference; lastKnownFileType = sourcecode.swift; path = ChatView.swift; sourceTree = "<group>"; };
		03FD52A62AA4739200899F4F /* ChatCollectionViewCell.swift */ = {isa = PBXFileReference; lastKnownFileType = sourcecode.swift; path = ChatCollectionViewCell.swift; sourceTree = "<group>"; };
		03FD52A92AA476AF00899F4F /* ChatModel.swift */ = {isa = PBXFileReference; lastKnownFileType = sourcecode.swift; path = ChatModel.swift; sourceTree = "<group>"; };
		3B3677862AAF374400FF4ED1 /* CommonBorrowLabel.swift */ = {isa = PBXFileReference; lastKnownFileType = sourcecode.swift; path = CommonBorrowLabel.swift; sourceTree = "<group>"; };
		3B3677892AAF42E400FF4ED1 /* BorrowTypeCollectionViewDelegate.swift */ = {isa = PBXFileReference; lastKnownFileType = sourcecode.swift; path = BorrowTypeCollectionViewDelegate.swift; sourceTree = "<group>"; };
		3B36778B2AAF4B3900FF4ED1 /* CategoryCollectionViewDelegate.swift */ = {isa = PBXFileReference; lastKnownFileType = sourcecode.swift; path = CategoryCollectionViewDelegate.swift; sourceTree = "<group>"; };
		3B45268D2AB0C65200D8CE37 /* BorrowTypeModel.swift */ = {isa = PBXFileReference; lastKnownFileType = sourcecode.swift; path = BorrowTypeModel.swift; sourceTree = "<group>"; };
		3B6C6FB92ABB65E000B4141B /* CouponViewController.swift */ = {isa = PBXFileReference; lastKnownFileType = sourcecode.swift; path = CouponViewController.swift; sourceTree = "<group>"; };
		3B6C6FBC2ABB6B6300B4141B /* AddCollectionViewCell.swift */ = {isa = PBXFileReference; lastKnownFileType = sourcecode.swift; path = AddCollectionViewCell.swift; sourceTree = "<group>"; };
		3B6C6FBE2ABB710900B4141B /* CouponCollectionViewCell.swift */ = {isa = PBXFileReference; lastKnownFileType = sourcecode.swift; path = CouponCollectionViewCell.swift; sourceTree = "<group>"; };
		3B7311742ABC89F7002726E4 /* CouponListModel.swift */ = {isa = PBXFileReference; lastKnownFileType = sourcecode.swift; path = CouponListModel.swift; sourceTree = "<group>"; };
		3BA183EE2AB3ECB300C3D2D6 /* WishToGraduate.entitlements */ = {isa = PBXFileReference; lastKnownFileType = text.plist.entitlements; path = WishToGraduate.entitlements; sourceTree = "<group>"; };
		3BA183F62AB3FC5C00C3D2D6 /* GoogleService-Info.plist */ = {isa = PBXFileReference; fileEncoding = 4; lastKnownFileType = text.plist.xml; path = "GoogleService-Info.plist"; sourceTree = "<group>"; };
		3BBF95022ABC8EA1000F51B1 /* EventListViewController.swift */ = {isa = PBXFileReference; lastKnownFileType = sourcecode.swift; path = EventListViewController.swift; sourceTree = "<group>"; };
		3BBF95042ABC9062000F51B1 /* EventCollectionViewCell.swift */ = {isa = PBXFileReference; lastKnownFileType = sourcecode.swift; path = EventCollectionViewCell.swift; sourceTree = "<group>"; };
		3BBF95072ABC9146000F51B1 /* EventListModel.swift */ = {isa = PBXFileReference; lastKnownFileType = sourcecode.swift; path = EventListModel.swift; sourceTree = "<group>"; };
		3BD2E38C2AAE48B400220B44 /* BorrowTypeCollectionViewCell.swift */ = {isa = PBXFileReference; lastKnownFileType = sourcecode.swift; path = BorrowTypeCollectionViewCell.swift; sourceTree = "<group>"; };
		3BFA40532AADF77A00382B9B /* WriteNavigationView.swift */ = {isa = PBXFileReference; lastKnownFileType = sourcecode.swift; path = WriteNavigationView.swift; sourceTree = "<group>"; };
		3BFA40562AAE0EF000382B9B /* CategoryCollectionView.swift */ = {isa = PBXFileReference; lastKnownFileType = sourcecode.swift; path = CategoryCollectionView.swift; sourceTree = "<group>"; };
		98A955F22A60F97400B9BFD3 /* DetailViewController.swift */ = {isa = PBXFileReference; lastKnownFileType = sourcecode.swift; path = DetailViewController.swift; sourceTree = "<group>"; };
/* End PBXFileReference section */

/* Begin PBXFrameworksBuildPhase section */
		03931AB82A2CA5F700B235D9 /* Frameworks */ = {
			isa = PBXFrameworksBuildPhase;
			buildActionMask = 2147483647;
			files = (
				3BA183FC2AB4059100C3D2D6 /* FirebaseMessaging in Frameworks */,
				03931B102A2CB57900B235D9 /* Kingfisher in Frameworks */,
				03931B072A2CB4FC00B235D9 /* Then in Frameworks */,
				03931B0A2A2CB50E00B235D9 /* SnapKit in Frameworks */,
				3BA183FA2AB4059100C3D2D6 /* FirebaseAnalytics in Frameworks */,
				03931B0D2A2CB56600B235D9 /* Moya in Frameworks */,
			);
			runOnlyForDeploymentPostprocessing = 0;
		};
/* End PBXFrameworksBuildPhase section */

/* Begin PBXGroup section */
		0308DA472A2DEDB900B784B9 /* Font */ = {
			isa = PBXGroup;
			children = (
				0308DA492A2DEDD200B784B9 /* NotoSansKR-Bold.otf */,
				0308DA4A2A2DEDD200B784B9 /* NotoSansKR-Medium.otf */,
				0308DA482A2DEDD100B784B9 /* NotoSansKR-Regular.otf */,
			);
			path = Font;
			sourceTree = "<group>";
		};
		0308DA502A2DEF8600B784B9 /* StyleGuide */ = {
			isa = PBXGroup;
			children = (
				0308DA512A2DEF9D00B784B9 /* FontLevel.swift */,
			);
			path = StyleGuide;
			sourceTree = "<group>";
		};
		0330CA6C2A7616D1004CE2D7 /* View */ = {
			isa = PBXGroup;
			children = (
				0330CA6F2A761AFB004CE2D7 /* MyProfileView.swift */,
				03B169112AAF52DE00FC4891 /* MyPageSectionTab.swift */,
			);
			path = View;
			sourceTree = "<group>";
		};
		034650832A49C6900024AEC6 /* Search */ = {
			isa = PBXGroup;
			children = (
				034650862A49C7140024AEC6 /* ViewController */,
				03B004A52A546EAD00E71CA7 /* Model */,
			);
			path = Search;
			sourceTree = "<group>";
		};
		034650862A49C7140024AEC6 /* ViewController */ = {
			isa = PBXGroup;
			children = (
				034650842A49C6AB0024AEC6 /* SearchViewController.swift */,
			);
			path = ViewController;
			sourceTree = "<group>";
		};
		035079202A3DF804007F28DF /* TabBar */ = {
			isa = PBXGroup;
			children = (
				035079212A3DF831007F28DF /* TabBarController.swift */,
				035079232A3DF881007F28DF /* TabBarItem.swift */,
			);
			path = TabBar;
			sourceTree = "<group>";
		};
		035079252A3DFA82007F28DF /* Write */ = {
			isa = PBXGroup;
			children = (
				3B45268C2AB0C63000D8CE37 /* Model */,
				3B3677882AAF42B400FF4ED1 /* Delegate */,
				3BD2E38B2AAE489E00220B44 /* Cell */,
				3BFA40522AADF76400382B9B /* View */,
				035079282A3DFAA2007F28DF /* ViewController */,
			);
			path = Write;
			sourceTree = "<group>";
		};
		035079282A3DFAA2007F28DF /* ViewController */ = {
			isa = PBXGroup;
			children = (
				035079262A3DFA9E007F28DF /* WriteViewController.swift */,
			);
			path = ViewController;
			sourceTree = "<group>";
		};
		035079292A3DFAB5007F28DF /* MyPage */ = {
			isa = PBXGroup;
			children = (
				0330CA6C2A7616D1004CE2D7 /* View */,
				0350792C2A3DFAE8007F28DF /* ViewController */,
			);
			path = MyPage;
			sourceTree = "<group>";
		};
		0350792C2A3DFAE8007F28DF /* ViewController */ = {
			isa = PBXGroup;
			children = (
				0350792A2A3DFAE5007F28DF /* MyPageViewController.swift */,
			);
			path = ViewController;
			sourceTree = "<group>";
		};
		035615542A3C4EB200CC9A5E /* Category */ = {
			isa = PBXGroup;
			children = (
				0356155B2A3C7F0B00CC9A5E /* ViewController */,
				035615552A3C4EFE00CC9A5E /* Cell */,
				035615582A3C559F00CC9A5E /* Model */,
			);
			path = Category;
			sourceTree = "<group>";
		};
		035615552A3C4EFE00CC9A5E /* Cell */ = {
			isa = PBXGroup;
			children = (
				035615562A3C4F1500CC9A5E /* CategoryCollectionViewCell.swift */,
			);
			path = Cell;
			sourceTree = "<group>";
		};
		035615582A3C559F00CC9A5E /* Model */ = {
			isa = PBXGroup;
			children = (
				035615592A3C55BE00CC9A5E /* CategoryModel.swift */,
			);
			path = Model;
			sourceTree = "<group>";
		};
		0356155B2A3C7F0B00CC9A5E /* ViewController */ = {
			isa = PBXGroup;
			children = (
				03931AC22A2CA5F700B235D9 /* CategoryViewController.swift */,
			);
			path = ViewController;
			sourceTree = "<group>";
		};
		0356155C2A3C89C200CC9A5E /* Share */ = {
			isa = PBXGroup;
			children = (
				0356155D2A3C89C800CC9A5E /* ViewController */,
				035615612A3CA78A00CC9A5E /* View */,
				035615632A3CA7B400CC9A5E /* Cell */,
				035615622A3CA7A500CC9A5E /* Model */,
			);
			path = Share;
			sourceTree = "<group>";
		};
		0356155D2A3C89C800CC9A5E /* ViewController */ = {
			isa = PBXGroup;
			children = (
				0356155F2A3C89E300CC9A5E /* ShareViewController.swift */,
			);
			path = ViewController;
			sourceTree = "<group>";
		};
		035615612A3CA78A00CC9A5E /* View */ = {
			isa = PBXGroup;
			children = (
				035615642A3CAABC00CC9A5E /* ShareListView.swift */,
				031CBDFE2A6FE45100301F06 /* ShareNavigationView.swift */,
			);
			path = View;
			sourceTree = "<group>";
		};
		035615622A3CA7A500CC9A5E /* Model */ = {
			isa = PBXGroup;
			children = (
				035615682A3CB4A300CC9A5E /* ShareListModel.swift */,
				0350792D2A3EDE29007F28DF /* CategorySection.swift */,
				0370F39F2A442A9C00A9AF28 /* LabelStatusModel.swift */,
			);
			path = Model;
			sourceTree = "<group>";
		};
		035615632A3CA7B400CC9A5E /* Cell */ = {
			isa = PBXGroup;
			children = (
				035615662A3CAEA600CC9A5E /* ShareListCollectionViewCell.swift */,
			);
			path = Cell;
			sourceTree = "<group>";
		};
		0366B79A2ABAF1DF0005BF0F /* TextField */ = {
			isa = PBXGroup;
			children = (
				036781532AB9FE1F00866F31 /* CustomTextFieldView.swift */,
				0370B4AC2A8CFAF600005400 /* SignInTextFieldView.swift */,
			);
			path = TextField;
			sourceTree = "<group>";
		};
		0366B79B2ABAF5A50005BF0F /* Coupon */ = {
			isa = PBXGroup;
			children = (
				3B6C6FB72ABB64A100B4141B /* CouponList */,
				0366B79C2ABAF6290005BF0F /* AddCoupon */,
			);
			path = Coupon;
			sourceTree = "<group>";
		};
		0366B79C2ABAF6290005BF0F /* AddCoupon */ = {
			isa = PBXGroup;
			children = (
				0366B79E2ABAF6E60005BF0F /* ViewController */,
			);
			path = AddCoupon;
			sourceTree = "<group>";
		};
		0366B79E2ABAF6E60005BF0F /* ViewController */ = {
			isa = PBXGroup;
			children = (
				0366B79F2ABAF6FE0005BF0F /* AddCouponViewController.swift */,
			);
			path = ViewController;
			sourceTree = "<group>";
		};
		0366B7A12ABB55C80005BF0F /* Home */ = {
			isa = PBXGroup;
			children = (
				0366B7AA2ABB86990005BF0F /* View */,
				0366B7A22ABB55D00005BF0F /* ViewController */,
				0366B7A72ABB79780005BF0F /* Model */,
			);
			path = Home;
			sourceTree = "<group>";
		};
		0366B7A22ABB55D00005BF0F /* ViewController */ = {
			isa = PBXGroup;
			children = (
				0366B7A32ABB55E10005BF0F /* HomeViewController.swift */,
			);
			path = ViewController;
			sourceTree = "<group>";
		};
		0366B7A72ABB79780005BF0F /* Model */ = {
			isa = PBXGroup;
			children = (
				0366B7A82ABB79960005BF0F /* HomeUserModel.swift */,
			);
			path = Model;
			sourceTree = "<group>";
		};
		0366B7AA2ABB86990005BF0F /* View */ = {
			isa = PBXGroup;
			children = (
				0366B7A52ABB5C490005BF0F /* CustomHomeButton.swift */,
			);
			path = View;
			sourceTree = "<group>";
		};
		0367813B2AB9929700866F31 /* Navigation */ = {
			isa = PBXGroup;
			children = (
				031CBE012A6FE90600301F06 /* CustomNavigationBar.swift */,
			);
			path = Navigation;
			sourceTree = "<group>";
		};
		0367813C2AB993E200866F31 /* Literals */ = {
			isa = PBXGroup;
			children = (
				0367813D2AB993F400866F31 /* SizeLiterals.swift */,
			);
			path = Literals;
			sourceTree = "<group>";
		};
		0367813F2AB9988800866F31 /* Event */ = {
			isa = PBXGroup;
			children = (
				3BBF94FF2ABC8E26000F51B1 /* EventList */,
				0367814E2AB9FDA500866F31 /* CreateEvent */,
				0367814D2AB9FD9800866F31 /* EventDetail */,
			);
			path = Event;
			sourceTree = "<group>";
		};
		036781422AB9D68A00866F31 /* ViewController */ = {
			isa = PBXGroup;
			children = (
				036781402AB998B100866F31 /* EventDetailViewController.swift */,
			);
			path = ViewController;
			sourceTree = "<group>";
		};
		036781432AB9D69300866F31 /* Model */ = {
			isa = PBXGroup;
			children = (
				036781442AB9D6BD00866F31 /* EventDetailModel.swift */,
			);
			path = Model;
			sourceTree = "<group>";
		};
		036781472AB9DF2800866F31 /* Button */ = {
			isa = PBXGroup;
			children = (
				036781482AB9DF4200866F31 /* CustomButtonView.swift */,
			);
			path = Button;
			sourceTree = "<group>";
		};
		0367814A2AB9E88600866F31 /* Alert */ = {
			isa = PBXGroup;
			children = (
				0367814B2AB9E8AA00866F31 /* CustomAlertView.swift */,
			);
			path = Alert;
			sourceTree = "<group>";
		};
		0367814D2AB9FD9800866F31 /* EventDetail */ = {
			isa = PBXGroup;
			children = (
				036781422AB9D68A00866F31 /* ViewController */,
				036781432AB9D69300866F31 /* Model */,
			);
			path = EventDetail;
			sourceTree = "<group>";
		};
		0367814E2AB9FDA500866F31 /* CreateEvent */ = {
			isa = PBXGroup;
			children = (
				036781522AB9FE0B00866F31 /* View */,
				0367814F2AB9FDB700866F31 /* ViewController */,
			);
			path = CreateEvent;
			sourceTree = "<group>";
		};
		0367814F2AB9FDB700866F31 /* ViewController */ = {
			isa = PBXGroup;
			children = (
				036781502AB9FDC700866F31 /* CreateEventViewController.swift */,
			);
			path = ViewController;
			sourceTree = "<group>";
		};
		036781522AB9FE0B00866F31 /* View */ = {
			isa = PBXGroup;
			children = (
			);
			path = View;
			sourceTree = "<group>";
		};
		036E4B4C2AC05E050045802D /* User */ = {
			isa = PBXGroup;
			children = (
				036E4B4D2AC19D800045802D /* MyPageService.swift */,
			);
			path = User;
			sourceTree = "<group>";
		};
		0370B4A92A8CF9B000005400 /* Common */ = {
			isa = PBXGroup;
			children = (
				0367813B2AB9929700866F31 /* Navigation */,
				036781472AB9DF2800866F31 /* Button */,
				0367814A2AB9E88600866F31 /* Alert */,
				0366B79A2ABAF1DF0005BF0F /* TextField */,
				0370B4AB2A8CF9DD00005400 /* View */,
				0370B4AA2A8CF9D000005400 /* ViewController */,
			);
			path = Common;
			sourceTree = "<group>";
		};
		0370B4AA2A8CF9D000005400 /* ViewController */ = {
			isa = PBXGroup;
			children = (
				0370B4B72A8E202200005400 /* SignUp */,
				0370B4B62A8E201B00005400 /* SignIn */,
			);
			path = ViewController;
			sourceTree = "<group>";
		};
		0370B4AB2A8CF9DD00005400 /* View */ = {
			isa = PBXGroup;
			children = (
				0370B4B02A8D17E100005400 /* CustomCheckButton.swift */,
				3BFA40562AAE0EF000382B9B /* CategoryCollectionView.swift */,
				3B3677862AAF374400FF4ED1 /* CommonBorrowLabel.swift */,
			);
			path = View;
			sourceTree = "<group>";
		};
		0370B4B62A8E201B00005400 /* SignIn */ = {
			isa = PBXGroup;
			children = (
				0370B4B22A8D1DFC00005400 /* SignInViewController.swift */,
			);
			path = SignIn;
			sourceTree = "<group>";
		};
		0370B4B72A8E202200005400 /* SignUp */ = {
			isa = PBXGroup;
			children = (
				0370B4AE2A8D151900005400 /* SignUpViewController.swift */,
			);
			path = SignUp;
			sourceTree = "<group>";
		};
		0370B4B82A8E20BB00005400 /* Chat */ = {
			isa = PBXGroup;
			children = (
				03FD529D2AA3496300899F4F /* List */,
				03FD529E2AA3497200899F4F /* Chatting */,
			);
			path = Chat;
			sourceTree = "<group>";
		};
		0370B4B92A8E20CA00005400 /* ViewController */ = {
			isa = PBXGroup;
			children = (
				0370B4BA2A8E20EF00005400 /* ChatListViewController.swift */,
			);
			path = ViewController;
			sourceTree = "<group>";
		};
		0370B4BC2A8E25A300005400 /* View */ = {
			isa = PBXGroup;
			children = (
				0370B4BD2A8E25C000005400 /* ChatListView.swift */,
			);
			path = View;
			sourceTree = "<group>";
		};
		0370B4BF2A8E272800005400 /* Cell */ = {
			isa = PBXGroup;
			children = (
				0370B4C02A8E274400005400 /* ChatListCollectionViewCell.swift */,
			);
			path = Cell;
			sourceTree = "<group>";
		};
		03931AB22A2CA5F700B235D9 = {
			isa = PBXGroup;
			children = (
				03931ABD2A2CA5F700B235D9 /* WishToGraduate */,
				03931ABC2A2CA5F700B235D9 /* Products */,
			);
			sourceTree = "<group>";
		};
		03931ABC2A2CA5F700B235D9 /* Products */ = {
			isa = PBXGroup;
			children = (
				03931ABB2A2CA5F700B235D9 /* WishToGraduate.app */,
			);
			name = Products;
			sourceTree = "<group>";
		};
		03931ABD2A2CA5F700B235D9 /* WishToGraduate */ = {
			isa = PBXGroup;
			children = (
				3BA183EE2AB3ECB300C3D2D6 /* WishToGraduate.entitlements */,
				03931AD22A2CA72200B235D9 /* Application */,
				03931AD32A2CA73500B235D9 /* Data */,
				03931ADA2A2CA76900B235D9 /* Network */,
				03931AE12A2CAD7E00B235D9 /* Presentation */,
				03931AE22A2CAEAC00B235D9 /* Resource */,
				03931AE42A2CB0E900B235D9 /* Util */,
			);
			path = WishToGraduate;
			sourceTree = "<group>";
		};
		03931AD22A2CA72200B235D9 /* Application */ = {
			isa = PBXGroup;
			children = (
				03931ABE2A2CA5F700B235D9 /* AppDelegate.swift */,
				03931AC02A2CA5F700B235D9 /* SceneDelegate.swift */,
			);
			path = Application;
			sourceTree = "<group>";
		};
		03931AD32A2CA73500B235D9 /* Data */ = {
			isa = PBXGroup;
			children = (
				03931AD42A2CA73F00B235D9 /* DTO */,
				03931AD52A2CA74300B235D9 /* Model */,
			);
			path = Data;
			sourceTree = "<group>";
		};
		03931AD42A2CA73F00B235D9 /* DTO */ = {
			isa = PBXGroup;
			children = (
				03931AD62A2CA75B00B235D9 /* DTO.swift */,
			);
			path = DTO;
			sourceTree = "<group>";
		};
		03931AD52A2CA74300B235D9 /* Model */ = {
			isa = PBXGroup;
			children = (
				03931AD82A2CA76200B235D9 /* Model.swift */,
			);
			path = Model;
			sourceTree = "<group>";
		};
		03931ADA2A2CA76900B235D9 /* Network */ = {
			isa = PBXGroup;
			children = (
				03931ADB2A2CAD4A00B235D9 /* APIService */,
				03931ADE2A2CAD5B00B235D9 /* Foundation */,
			);
			path = Network;
			sourceTree = "<group>";
		};
		03931ADB2A2CAD4A00B235D9 /* APIService */ = {
			isa = PBXGroup;
			children = (
				036E4B4C2AC05E050045802D /* User */,
				03931ADC2A2CAD5700B235D9 /* APIService.swift */,
			);
			path = APIService;
			sourceTree = "<group>";
		};
		03931ADE2A2CAD5B00B235D9 /* Foundation */ = {
			isa = PBXGroup;
			children = (
				03931ADF2A2CAD6D00B235D9 /* GeneralResponse.swift */,
				03931B112A2CB68B00B235D9 /* NetworkLoggerPlugin.swift */,
				03931B132A2CB85600B235D9 /* APIConst.swift */,
				036E4B4A2AC050400045802D /* URLConst.swift */,
			);
			path = Foundation;
			sourceTree = "<group>";
		};
		03931AE12A2CAD7E00B235D9 /* Presentation */ = {
			isa = PBXGroup;
			children = (
				0370B4A92A8CF9B000005400 /* Common */,
				0366B7A12ABB55C80005BF0F /* Home */,
				0370B4B82A8E20BB00005400 /* Chat */,
				98A955F02A60F8E200B9BFD3 /* Detail */,
				0356155C2A3C89C200CC9A5E /* Share */,
				034650832A49C6900024AEC6 /* Search */,
				035079252A3DFA82007F28DF /* Write */,
				035079292A3DFAB5007F28DF /* MyPage */,
				035615542A3C4EB200CC9A5E /* Category */,
				0367813F2AB9988800866F31 /* Event */,
				0366B79B2ABAF5A50005BF0F /* Coupon */,
				035079202A3DF804007F28DF /* TabBar */,
			);
			path = Presentation;
			sourceTree = "<group>";
		};
		03931AE22A2CAEAC00B235D9 /* Resource */ = {
			isa = PBXGroup;
			children = (
				0308DA472A2DEDB900B784B9 /* Font */,
				03931AE32A2CAECA00B235D9 /* AssetCatalog */,
				03931ACC2A2CA5F900B235D9 /* Info.plist */,
				3BA183F62AB3FC5C00C3D2D6 /* GoogleService-Info.plist */,
				03931AC92A2CA5F900B235D9 /* LaunchScreen.storyboard */,
			);
			path = Resource;
			sourceTree = "<group>";
		};
		03931AE32A2CAECA00B235D9 /* AssetCatalog */ = {
			isa = PBXGroup;
			children = (
				03931AC72A2CA5F900B235D9 /* Assets.xcassets */,
				0308DA432A2CD97F00B784B9 /* Color.xcassets */,
				0308DA452A2CDC9200B784B9 /* Image.xcassets */,
			);
			path = AssetCatalog;
			sourceTree = "<group>";
		};
		03931AE42A2CB0E900B235D9 /* Util */ = {
			isa = PBXGroup;
			children = (
				0367813C2AB993E200866F31 /* Literals */,
				03931AE52A2CB26500B235D9 /* Extension */,
				03931AE62A2CB27100B235D9 /* NameSpace */,
				0308DA502A2DEF8600B784B9 /* StyleGuide */,
			);
			path = Util;
			sourceTree = "<group>";
		};
		03931AE52A2CB26500B235D9 /* Extension */ = {
			isa = PBXGroup;
			children = (
				03931AE72A2CB2E200B235D9 /* UIView+.swift */,
				03931AE92A2CB2F000B235D9 /* NSObject+.swift */,
				03931AEB2A2CB30E00B235D9 /* UITextField+.swift */,
				03931AED2A2CB31C00B235D9 /* UIStackView+.swift */,
				03931AEF2A2CB32E00B235D9 /* UITableView+.swift */,
				03931AF12A2CB33B00B235D9 /* UICollectionView+.swift */,
				03931AF32A2CB34A00B235D9 /* String+.swift */,
				03931AF52A2CB35700B235D9 /* UIImageView+.swift */,
				03931AF72A2CB36400B235D9 /* UILabel+.swift */,
				03931AF92A2CB37700B235D9 /* UIButton+.swift */,
				03931AFB2A2CB38300B235D9 /* UITabBar+.swift */,
				03931AFD2A2CB39100B235D9 /* UIImage+.swift */,
				03931AFF2A2CB39D00B235D9 /* UIViewController+.swift */,
				0308DA532A2DF7CF00B784B9 /* UIFont+.swift */,
				0308DA552A2DF82C00B784B9 /* NSMutableAttributedString+.swift */,
				03B1691B2AB3701900FC4891 /* UIAlertController+.swift */,
				036781552ABA0FFA00866F31 /* UITextView+.swift */,
				0366B7972ABAE6920005BF0F /* UIResponder+.swift */,
				036E4B482AC04FAD0045802D /* Config+.swift */,
			);
			path = Extension;
			sourceTree = "<group>";
		};
		03931AE62A2CB27100B235D9 /* NameSpace */ = {
			isa = PBXGroup;
			children = (
				03931B012A2CB3D100B235D9 /* Image.swift */,
				03931B032A2CB3D700B235D9 /* Color.swift */,
				0308DA4E2A2DEEB300B784B9 /* NotoSansKRType.swift */,
			);
			path = NameSpace;
			sourceTree = "<group>";
		};
		03B004A52A546EAD00E71CA7 /* Model */ = {
			isa = PBXGroup;
			children = (
				03B004A62A546ECD00E71CA7 /* SearchSection.swift */,
			);
			path = Model;
			sourceTree = "<group>";
		};
		03FD529D2AA3496300899F4F /* List */ = {
			isa = PBXGroup;
			children = (
				0370B4BC2A8E25A300005400 /* View */,
				0370B4B92A8E20CA00005400 /* ViewController */,
				0370B4BF2A8E272800005400 /* Cell */,
			);
			path = List;
			sourceTree = "<group>";
		};
		03FD529E2AA3497200899F4F /* Chatting */ = {
			isa = PBXGroup;
			children = (
				03FD529F2AA34A0800899F4F /* View */,
				03FD52A02AA34A0E00899F4F /* ViewController */,
				03FD52A12AA34A1900899F4F /* Cell */,
				03FD52A82AA4767500899F4F /* Model */,
			);
			path = Chatting;
			sourceTree = "<group>";
		};
		03FD529F2AA34A0800899F4F /* View */ = {
			isa = PBXGroup;
			children = (
				03FD52A42AA3647500899F4F /* ChatView.swift */,
			);
			path = View;
			sourceTree = "<group>";
		};
		03FD52A02AA34A0E00899F4F /* ViewController */ = {
			isa = PBXGroup;
			children = (
				03FD52A22AA34B1F00899F4F /* ChatViewController.swift */,
			);
			path = ViewController;
			sourceTree = "<group>";
		};
		03FD52A12AA34A1900899F4F /* Cell */ = {
			isa = PBXGroup;
			children = (
				03FD52A62AA4739200899F4F /* ChatCollectionViewCell.swift */,
			);
			path = Cell;
			sourceTree = "<group>";
		};
		03FD52A82AA4767500899F4F /* Model */ = {
			isa = PBXGroup;
			children = (
				03FD52A92AA476AF00899F4F /* ChatModel.swift */,
			);
			path = Model;
			sourceTree = "<group>";
		};
		3B3677882AAF42B400FF4ED1 /* Delegate */ = {
			isa = PBXGroup;
			children = (
				3B3677892AAF42E400FF4ED1 /* BorrowTypeCollectionViewDelegate.swift */,
				3B36778B2AAF4B3900FF4ED1 /* CategoryCollectionViewDelegate.swift */,
			);
			path = Delegate;
			sourceTree = "<group>";
		};
		3B45268C2AB0C63000D8CE37 /* Model */ = {
			isa = PBXGroup;
			children = (
				3B45268D2AB0C65200D8CE37 /* BorrowTypeModel.swift */,
			);
			path = Model;
			sourceTree = "<group>";
		};
		3B6C6FB72ABB64A100B4141B /* CouponList */ = {
			isa = PBXGroup;
			children = (
				3B7311732ABC896A002726E4 /* Model */,
				3B6C6FBB2ABB6B4E00B4141B /* Cell */,
				3B6C6FB82ABB65BA00B4141B /* ViewController */,
			);
			path = CouponList;
			sourceTree = "<group>";
		};
		3B6C6FB82ABB65BA00B4141B /* ViewController */ = {
			isa = PBXGroup;
			children = (
				3B6C6FB92ABB65E000B4141B /* CouponViewController.swift */,
			);
			path = ViewController;
			sourceTree = "<group>";
		};
		3B6C6FBB2ABB6B4E00B4141B /* Cell */ = {
			isa = PBXGroup;
			children = (
				3B6C6FBC2ABB6B6300B4141B /* AddCollectionViewCell.swift */,
				3B6C6FBE2ABB710900B4141B /* CouponCollectionViewCell.swift */,
			);
			path = Cell;
			sourceTree = "<group>";
		};
		3B7311732ABC896A002726E4 /* Model */ = {
			isa = PBXGroup;
			children = (
				3B7311742ABC89F7002726E4 /* CouponListModel.swift */,
			);
			path = Model;
			sourceTree = "<group>";
		};
		3BBF94FF2ABC8E26000F51B1 /* EventList */ = {
			isa = PBXGroup;
			children = (
				3BBF95062ABC9137000F51B1 /* Model */,
				3BBF95012ABC8E3C000F51B1 /* ViewController */,
				3BBF95002ABC8E37000F51B1 /* Cell */,
			);
			path = EventList;
			sourceTree = "<group>";
		};
		3BBF95002ABC8E37000F51B1 /* Cell */ = {
			isa = PBXGroup;
			children = (
				3BBF95042ABC9062000F51B1 /* EventCollectionViewCell.swift */,
			);
			path = Cell;
			sourceTree = "<group>";
		};
		3BBF95012ABC8E3C000F51B1 /* ViewController */ = {
			isa = PBXGroup;
			children = (
				3BBF95022ABC8EA1000F51B1 /* EventListViewController.swift */,
			);
			path = ViewController;
			sourceTree = "<group>";
		};
		3BBF95062ABC9137000F51B1 /* Model */ = {
			isa = PBXGroup;
			children = (
				3BBF95072ABC9146000F51B1 /* EventListModel.swift */,
			);
			path = Model;
			sourceTree = "<group>";
		};
		3BD2E38B2AAE489E00220B44 /* Cell */ = {
			isa = PBXGroup;
			children = (
				3BD2E38C2AAE48B400220B44 /* BorrowTypeCollectionViewCell.swift */,
			);
			path = Cell;
			sourceTree = "<group>";
		};
		3BFA40522AADF76400382B9B /* View */ = {
			isa = PBXGroup;
			children = (
				3BFA40532AADF77A00382B9B /* WriteNavigationView.swift */,
			);
			path = View;
			sourceTree = "<group>";
		};
		98A955F02A60F8E200B9BFD3 /* Detail */ = {
			isa = PBXGroup;
			children = (
				98A955F12A60F92200B9BFD3 /* ViewController */,
			);
			path = Detail;
			sourceTree = "<group>";
		};
		98A955F12A60F92200B9BFD3 /* ViewController */ = {
			isa = PBXGroup;
			children = (
				98A955F22A60F97400B9BFD3 /* DetailViewController.swift */,
			);
			path = ViewController;
			sourceTree = "<group>";
		};
/* End PBXGroup section */

/* Begin PBXNativeTarget section */
		03931ABA2A2CA5F700B235D9 /* WishToGraduate */ = {
			isa = PBXNativeTarget;
			buildConfigurationList = 03931ACF2A2CA5F900B235D9 /* Build configuration list for PBXNativeTarget "WishToGraduate" */;
			buildPhases = (
				03931AB72A2CA5F700B235D9 /* Sources */,
				03931AB82A2CA5F700B235D9 /* Frameworks */,
				03931AB92A2CA5F700B235D9 /* Resources */,
			);
			buildRules = (
			);
			dependencies = (
			);
			name = WishToGraduate;
			packageProductDependencies = (
				03931B062A2CB4FC00B235D9 /* Then */,
				03931B092A2CB50E00B235D9 /* SnapKit */,
				03931B0C2A2CB56600B235D9 /* Moya */,
				03931B0F2A2CB57900B235D9 /* Kingfisher */,
				3BA183F92AB4059100C3D2D6 /* FirebaseAnalytics */,
				3BA183FB2AB4059100C3D2D6 /* FirebaseMessaging */,
			);
			productName = WishToGraduate;
			productReference = 03931ABB2A2CA5F700B235D9 /* WishToGraduate.app */;
			productType = "com.apple.product-type.application";
		};
/* End PBXNativeTarget section */

/* Begin PBXProject section */
		03931AB32A2CA5F700B235D9 /* Project object */ = {
			isa = PBXProject;
			attributes = {
				BuildIndependentTargetsInParallel = 1;
				LastSwiftUpdateCheck = 1430;
				LastUpgradeCheck = 1430;
				TargetAttributes = {
					03931ABA2A2CA5F700B235D9 = {
						CreatedOnToolsVersion = 14.3;
					};
				};
			};
			buildConfigurationList = 03931AB62A2CA5F700B235D9 /* Build configuration list for PBXProject "WishToGraduate" */;
			compatibilityVersion = "Xcode 14.0";
			developmentRegion = en;
			hasScannedForEncodings = 0;
			knownRegions = (
				en,
				Base,
			);
			mainGroup = 03931AB22A2CA5F700B235D9;
			packageReferences = (
				03931B052A2CB4FC00B235D9 /* XCRemoteSwiftPackageReference "Then" */,
				03931B082A2CB50D00B235D9 /* XCRemoteSwiftPackageReference "SnapKit" */,
				03931B0B2A2CB56600B235D9 /* XCRemoteSwiftPackageReference "Moya" */,
				03931B0E2A2CB57900B235D9 /* XCRemoteSwiftPackageReference "Kingfisher" */,
				3BA183F82AB4059100C3D2D6 /* XCRemoteSwiftPackageReference "firebase-ios-sdk" */,
			);
			productRefGroup = 03931ABC2A2CA5F700B235D9 /* Products */;
			projectDirPath = "";
			projectRoot = "";
			targets = (
				03931ABA2A2CA5F700B235D9 /* WishToGraduate */,
			);
		};
/* End PBXProject section */

/* Begin PBXResourcesBuildPhase section */
		03931AB92A2CA5F700B235D9 /* Resources */ = {
			isa = PBXResourcesBuildPhase;
			buildActionMask = 2147483647;
			files = (
				03931ACB2A2CA5F900B235D9 /* LaunchScreen.storyboard in Resources */,
				3BA183F72AB3FC5C00C3D2D6 /* GoogleService-Info.plist in Resources */,
				0308DA462A2CDC9200B784B9 /* Image.xcassets in Resources */,
				0308DA4D2A2DEDD200B784B9 /* NotoSansKR-Medium.otf in Resources */,
				03931AC82A2CA5F900B235D9 /* Assets.xcassets in Resources */,
				0308DA442A2CD97F00B784B9 /* Color.xcassets in Resources */,
				0308DA4C2A2DEDD200B784B9 /* NotoSansKR-Bold.otf in Resources */,
				0308DA4B2A2DEDD200B784B9 /* NotoSansKR-Regular.otf in Resources */,
			);
			runOnlyForDeploymentPostprocessing = 0;
		};
/* End PBXResourcesBuildPhase section */

/* Begin PBXSourcesBuildPhase section */
		03931AB72A2CA5F700B235D9 /* Sources */ = {
			isa = PBXSourcesBuildPhase;
			buildActionMask = 2147483647;
			files = (
				3BBF95032ABC8EA1000F51B1 /* EventListViewController.swift in Sources */,
				03931AF22A2CB33B00B235D9 /* UICollectionView+.swift in Sources */,
				03B169122AAF52DE00FC4891 /* MyPageSectionTab.swift in Sources */,
				0308DA542A2DF7CF00B784B9 /* UIFont+.swift in Sources */,
				035615602A3C89E300CC9A5E /* ShareViewController.swift in Sources */,
				3B3677872AAF374400FF4ED1 /* CommonBorrowLabel.swift in Sources */,
				036781512AB9FDC700866F31 /* CreateEventViewController.swift in Sources */,
				03FD52A32AA34B1F00899F4F /* ChatViewController.swift in Sources */,
				03FD52A72AA4739200899F4F /* ChatCollectionViewCell.swift in Sources */,
				3B3677872AAF374400FF4ED1 /* CommonBorrowLabel.swift in Sources */,
				3B6C6FBD2ABB6B6300B4141B /* AddCollectionViewCell.swift in Sources */,
				03931AD92A2CA76200B235D9 /* Model.swift in Sources */,
				03B004A72A546ECD00E71CA7 /* SearchSection.swift in Sources */,
				0366B7A42ABB55E10005BF0F /* HomeViewController.swift in Sources */,
				03931B122A2CB68B00B235D9 /* NetworkLoggerPlugin.swift in Sources */,
				0366B7A02ABAF6FE0005BF0F /* AddCouponViewController.swift in Sources */,
				3B36778A2AAF42E400FF4ED1 /* BorrowTypeCollectionViewDelegate.swift in Sources */,
				0370B4BB2A8E20EF00005400 /* ChatListViewController.swift in Sources */,
				03931B002A2CB39D00B235D9 /* UIViewController+.swift in Sources */,
				035615572A3C4F1500CC9A5E /* CategoryCollectionViewCell.swift in Sources */,
				036E4B4B2AC050400045802D /* URLConst.swift in Sources */,
				03FD52A52AA3647500899F4F /* ChatView.swift in Sources */,
				3BBF95052ABC9062000F51B1 /* EventCollectionViewCell.swift in Sources */,
				03931AF82A2CB36400B235D9 /* UILabel+.swift in Sources */,
				03931AEC2A2CB30E00B235D9 /* UITextField+.swift in Sources */,
				0370B4BE2A8E25C000005400 /* ChatListView.swift in Sources */,
				0366B7A92ABB79960005BF0F /* HomeUserModel.swift in Sources */,
				0350792E2A3EDE29007F28DF /* CategorySection.swift in Sources */,
				03B1691C2AB3701900FC4891 /* UIAlertController+.swift in Sources */,
				98A955F32A60F97400B9BFD3 /* DetailViewController.swift in Sources */,
				036E4B4E2AC19D800045802D /* MyPageService.swift in Sources */,
				0370F3A02A442A9C00A9AF28 /* LabelStatusModel.swift in Sources */,
				03931AFA2A2CB37700B235D9 /* UIButton+.swift in Sources */,
				03931AE02A2CAD6D00B235D9 /* GeneralResponse.swift in Sources */,
				3B7311752ABC89F7002726E4 /* CouponListModel.swift in Sources */,
				03931B022A2CB3D100B235D9 /* Image.swift in Sources */,
				0330CA702A761AFB004CE2D7 /* MyProfileView.swift in Sources */,
				3BBF95082ABC9146000F51B1 /* EventListModel.swift in Sources */,
				031CBE022A6FE90600301F06 /* CustomNavigationBar.swift in Sources */,
				3BFA40572AAE0EF000382B9B /* CategoryCollectionView.swift in Sources */,
				03931AC32A2CA5F700B235D9 /* CategoryViewController.swift in Sources */,
				0367814C2AB9E8AA00866F31 /* CustomAlertView.swift in Sources */,
				036781542AB9FE1F00866F31 /* CustomTextFieldView.swift in Sources */,
				035615652A3CAABC00CC9A5E /* ShareListView.swift in Sources */,
				03931ABF2A2CA5F700B235D9 /* AppDelegate.swift in Sources */,
				0356155A2A3C55BE00CC9A5E /* CategoryModel.swift in Sources */,
				03931AE82A2CB2E200B235D9 /* UIView+.swift in Sources */,
				0370B4B32A8D1DFC00005400 /* SignInViewController.swift in Sources */,
				03931AC12A2CA5F700B235D9 /* SceneDelegate.swift in Sources */,
				036781412AB998B100866F31 /* EventDetailViewController.swift in Sources */,
				036781452AB9D6BD00866F31 /* EventDetailModel.swift in Sources */,
				036E4B492AC04FAD0045802D /* Config+.swift in Sources */,
				035079222A3DF831007F28DF /* TabBarController.swift in Sources */,
				0367813E2AB993F400866F31 /* SizeLiterals.swift in Sources */,
				3B6C6FBA2ABB65E000B4141B /* CouponViewController.swift in Sources */,
				0350792B2A3DFAE5007F28DF /* MyPageViewController.swift in Sources */,
				03931ADD2A2CAD5700B235D9 /* APIService.swift in Sources */,
				03FD52AA2AA476AF00899F4F /* ChatModel.swift in Sources */,
				03931B042A2CB3D700B235D9 /* Color.swift in Sources */,
				0308DA522A2DEF9D00B784B9 /* FontLevel.swift in Sources */,
				03931AF62A2CB35700B235D9 /* UIImageView+.swift in Sources */,
				3B6C6FBF2ABB710900B4141B /* CouponCollectionViewCell.swift in Sources */,
				036781492AB9DF4200866F31 /* CustomButtonView.swift in Sources */,
				0370B4AD2A8CFAF600005400 /* SignInTextFieldView.swift in Sources */,
				03931AEE2A2CB31C00B235D9 /* UIStackView+.swift in Sources */,
				0366B7982ABAE6920005BF0F /* UIResponder+.swift in Sources */,
				0370B4B12A8D17E100005400 /* CustomCheckButton.swift in Sources */,
				03931AFC2A2CB38300B235D9 /* UITabBar+.swift in Sources */,
				03931B142A2CB85600B235D9 /* APIConst.swift in Sources */,
				036781562ABA0FFA00866F31 /* UITextView+.swift in Sources */,
				03931AF02A2CB32E00B235D9 /* UITableView+.swift in Sources */,
				03931AEA2A2CB2F000B235D9 /* NSObject+.swift in Sources */,
				0370B4AF2A8D151900005400 /* SignUpViewController.swift in Sources */,
				03931AF42A2CB34A00B235D9 /* String+.swift in Sources */,
				035615692A3CB4A300CC9A5E /* ShareListModel.swift in Sources */,
				035079242A3DF881007F28DF /* TabBarItem.swift in Sources */,
				035615672A3CAEA600CC9A5E /* ShareListCollectionViewCell.swift in Sources */,
				3BD2E38D2AAE48B400220B44 /* BorrowTypeCollectionViewCell.swift in Sources */,
				034650852A49C6AB0024AEC6 /* SearchViewController.swift in Sources */,
				035079272A3DFA9E007F28DF /* WriteViewController.swift in Sources */,
				031CBDFF2A6FE45100301F06 /* ShareNavigationView.swift in Sources */,
				3B45268E2AB0C65200D8CE37 /* BorrowTypeModel.swift in Sources */,
				3B36778C2AAF4B3900FF4ED1 /* CategoryCollectionViewDelegate.swift in Sources */,
				0308DA562A2DF82C00B784B9 /* NSMutableAttributedString+.swift in Sources */,
				0370B4C12A8E274400005400 /* ChatListCollectionViewCell.swift in Sources */,
				0308DA4F2A2DEEB300B784B9 /* NotoSansKRType.swift in Sources */,
				0366B7A62ABB5C490005BF0F /* CustomHomeButton.swift in Sources */,
				03931AD72A2CA75B00B235D9 /* DTO.swift in Sources */,
				03931AFE2A2CB39100B235D9 /* UIImage+.swift in Sources */,
				3BFA40542AADF77A00382B9B /* WriteNavigationView.swift in Sources */,
			);
			runOnlyForDeploymentPostprocessing = 0;
		};
/* End PBXSourcesBuildPhase section */

/* Begin PBXVariantGroup section */
		03931AC92A2CA5F900B235D9 /* LaunchScreen.storyboard */ = {
			isa = PBXVariantGroup;
			children = (
				03931ACA2A2CA5F900B235D9 /* Base */,
			);
			name = LaunchScreen.storyboard;
			sourceTree = "<group>";
		};
/* End PBXVariantGroup section */

/* Begin XCBuildConfiguration section */
		03931ACD2A2CA5F900B235D9 /* Debug */ = {
			isa = XCBuildConfiguration;
			buildSettings = {
				ALWAYS_SEARCH_USER_PATHS = NO;
				CLANG_ANALYZER_NONNULL = YES;
				CLANG_ANALYZER_NUMBER_OBJECT_CONVERSION = YES_AGGRESSIVE;
				CLANG_CXX_LANGUAGE_STANDARD = "gnu++20";
				CLANG_ENABLE_MODULES = YES;
				CLANG_ENABLE_OBJC_ARC = YES;
				CLANG_ENABLE_OBJC_WEAK = YES;
				CLANG_WARN_BLOCK_CAPTURE_AUTORELEASING = YES;
				CLANG_WARN_BOOL_CONVERSION = YES;
				CLANG_WARN_COMMA = YES;
				CLANG_WARN_CONSTANT_CONVERSION = YES;
				CLANG_WARN_DEPRECATED_OBJC_IMPLEMENTATIONS = YES;
				CLANG_WARN_DIRECT_OBJC_ISA_USAGE = YES_ERROR;
				CLANG_WARN_DOCUMENTATION_COMMENTS = YES;
				CLANG_WARN_EMPTY_BODY = YES;
				CLANG_WARN_ENUM_CONVERSION = YES;
				CLANG_WARN_INFINITE_RECURSION = YES;
				CLANG_WARN_INT_CONVERSION = YES;
				CLANG_WARN_NON_LITERAL_NULL_CONVERSION = YES;
				CLANG_WARN_OBJC_IMPLICIT_RETAIN_SELF = YES;
				CLANG_WARN_OBJC_LITERAL_CONVERSION = YES;
				CLANG_WARN_OBJC_ROOT_CLASS = YES_ERROR;
				CLANG_WARN_QUOTED_INCLUDE_IN_FRAMEWORK_HEADER = YES;
				CLANG_WARN_RANGE_LOOP_ANALYSIS = YES;
				CLANG_WARN_STRICT_PROTOTYPES = YES;
				CLANG_WARN_SUSPICIOUS_MOVE = YES;
				CLANG_WARN_UNGUARDED_AVAILABILITY = YES_AGGRESSIVE;
				CLANG_WARN_UNREACHABLE_CODE = YES;
				CLANG_WARN__DUPLICATE_METHOD_MATCH = YES;
				COPY_PHASE_STRIP = NO;
				DEBUG_INFORMATION_FORMAT = dwarf;
				ENABLE_STRICT_OBJC_MSGSEND = YES;
				ENABLE_TESTABILITY = YES;
				GCC_C_LANGUAGE_STANDARD = gnu11;
				GCC_DYNAMIC_NO_PIC = NO;
				GCC_NO_COMMON_BLOCKS = YES;
				GCC_OPTIMIZATION_LEVEL = 0;
				GCC_PREPROCESSOR_DEFINITIONS = (
					"DEBUG=1",
					"$(inherited)",
				);
				GCC_WARN_64_TO_32_BIT_CONVERSION = YES;
				GCC_WARN_ABOUT_RETURN_TYPE = YES_ERROR;
				GCC_WARN_UNDECLARED_SELECTOR = YES;
				GCC_WARN_UNINITIALIZED_AUTOS = YES_AGGRESSIVE;
				GCC_WARN_UNUSED_FUNCTION = YES;
				GCC_WARN_UNUSED_VARIABLE = YES;
				INFOPLIST_KEY_CFBundleDisplayName = BLOW;
				IPHONEOS_DEPLOYMENT_TARGET = 16.4;
				MTL_ENABLE_DEBUG_INFO = INCLUDE_SOURCE;
				MTL_FAST_MATH = YES;
				ONLY_ACTIVE_ARCH = YES;
				SDKROOT = iphoneos;
				SWIFT_ACTIVE_COMPILATION_CONDITIONS = DEBUG;
				SWIFT_OPTIMIZATION_LEVEL = "-Onone";
			};
			name = Debug;
		};
		03931ACE2A2CA5F900B235D9 /* Release */ = {
			isa = XCBuildConfiguration;
			buildSettings = {
				ALWAYS_SEARCH_USER_PATHS = NO;
				CLANG_ANALYZER_NONNULL = YES;
				CLANG_ANALYZER_NUMBER_OBJECT_CONVERSION = YES_AGGRESSIVE;
				CLANG_CXX_LANGUAGE_STANDARD = "gnu++20";
				CLANG_ENABLE_MODULES = YES;
				CLANG_ENABLE_OBJC_ARC = YES;
				CLANG_ENABLE_OBJC_WEAK = YES;
				CLANG_WARN_BLOCK_CAPTURE_AUTORELEASING = YES;
				CLANG_WARN_BOOL_CONVERSION = YES;
				CLANG_WARN_COMMA = YES;
				CLANG_WARN_CONSTANT_CONVERSION = YES;
				CLANG_WARN_DEPRECATED_OBJC_IMPLEMENTATIONS = YES;
				CLANG_WARN_DIRECT_OBJC_ISA_USAGE = YES_ERROR;
				CLANG_WARN_DOCUMENTATION_COMMENTS = YES;
				CLANG_WARN_EMPTY_BODY = YES;
				CLANG_WARN_ENUM_CONVERSION = YES;
				CLANG_WARN_INFINITE_RECURSION = YES;
				CLANG_WARN_INT_CONVERSION = YES;
				CLANG_WARN_NON_LITERAL_NULL_CONVERSION = YES;
				CLANG_WARN_OBJC_IMPLICIT_RETAIN_SELF = YES;
				CLANG_WARN_OBJC_LITERAL_CONVERSION = YES;
				CLANG_WARN_OBJC_ROOT_CLASS = YES_ERROR;
				CLANG_WARN_QUOTED_INCLUDE_IN_FRAMEWORK_HEADER = YES;
				CLANG_WARN_RANGE_LOOP_ANALYSIS = YES;
				CLANG_WARN_STRICT_PROTOTYPES = YES;
				CLANG_WARN_SUSPICIOUS_MOVE = YES;
				CLANG_WARN_UNGUARDED_AVAILABILITY = YES_AGGRESSIVE;
				CLANG_WARN_UNREACHABLE_CODE = YES;
				CLANG_WARN__DUPLICATE_METHOD_MATCH = YES;
				COPY_PHASE_STRIP = NO;
				DEBUG_INFORMATION_FORMAT = "dwarf-with-dsym";
				ENABLE_NS_ASSERTIONS = NO;
				ENABLE_STRICT_OBJC_MSGSEND = YES;
				GCC_C_LANGUAGE_STANDARD = gnu11;
				GCC_NO_COMMON_BLOCKS = YES;
				GCC_WARN_64_TO_32_BIT_CONVERSION = YES;
				GCC_WARN_ABOUT_RETURN_TYPE = YES_ERROR;
				GCC_WARN_UNDECLARED_SELECTOR = YES;
				GCC_WARN_UNINITIALIZED_AUTOS = YES_AGGRESSIVE;
				GCC_WARN_UNUSED_FUNCTION = YES;
				GCC_WARN_UNUSED_VARIABLE = YES;
				INFOPLIST_KEY_CFBundleDisplayName = BLOW;
				IPHONEOS_DEPLOYMENT_TARGET = 16.4;
				MTL_ENABLE_DEBUG_INFO = NO;
				MTL_FAST_MATH = YES;
				SDKROOT = iphoneos;
				SWIFT_COMPILATION_MODE = wholemodule;
				SWIFT_OPTIMIZATION_LEVEL = "-O";
				VALIDATE_PRODUCT = YES;
			};
			name = Release;
		};
		03931AD02A2CA5F900B235D9 /* Debug */ = {
			isa = XCBuildConfiguration;
			buildSettings = {
				ASSETCATALOG_COMPILER_APPICON_NAME = AppIcon;
				ASSETCATALOG_COMPILER_GLOBAL_ACCENT_COLOR_NAME = AccentColor;
				BASE_URL = "http://3.37.142.60:8080";
				CODE_SIGN_ENTITLEMENTS = WishToGraduate/WishToGraduate.entitlements;
				"CODE_SIGN_IDENTITY[sdk=iphoneos*]" = "iPhone Developer";
				CODE_SIGN_STYLE = Manual;
				CURRENT_PROJECT_VERSION = 1;
				DEVELOPMENT_TEAM = "";
				"DEVELOPMENT_TEAM[sdk=iphoneos*]" = CQJ9UKUU35;
				GENERATE_INFOPLIST_FILE = YES;
				INFOPLIST_FILE = WishToGraduate/Resource/Info.plist;
				INFOPLIST_KEY_CFBundleDisplayName = BLOW;
				INFOPLIST_KEY_NSPhotoLibraryUsageDescription = "사진 업로드를 위해 앨범 접근 권한이 필요합니다.";
				INFOPLIST_KEY_UIApplicationSupportsIndirectInputEvents = YES;
				INFOPLIST_KEY_UILaunchStoryboardName = LaunchScreen;
				INFOPLIST_KEY_UISupportedInterfaceOrientations_iPad = "UIInterfaceOrientationPortrait UIInterfaceOrientationPortraitUpsideDown UIInterfaceOrientationLandscapeLeft UIInterfaceOrientationLandscapeRight";
				INFOPLIST_KEY_UISupportedInterfaceOrientations_iPhone = "UIInterfaceOrientationPortrait UIInterfaceOrientationLandscapeLeft UIInterfaceOrientationLandscapeRight";
				IPHONEOS_DEPLOYMENT_TARGET = 16.0;
				LD_RUNPATH_SEARCH_PATHS = (
					"$(inherited)",
					"@executable_path/Frameworks",
				);
				MARKETING_VERSION = 1.0;
				PRODUCT_BUNDLE_IDENTIFIER = com.WishToGrate;
				PRODUCT_NAME = "$(TARGET_NAME)";
				PROVISIONING_PROFILE_SPECIFIER = "";
				"PROVISIONING_PROFILE_SPECIFIER[sdk=iphoneos*]" = blowDebug;
				SWIFT_EMIT_LOC_STRINGS = YES;
				SWIFT_VERSION = 5.0;
				TARGETED_DEVICE_FAMILY = "1,2";
			};
			name = Debug;
		};
		03931AD12A2CA5F900B235D9 /* Release */ = {
			isa = XCBuildConfiguration;
			buildSettings = {
				ASSETCATALOG_COMPILER_APPICON_NAME = AppIcon;
				ASSETCATALOG_COMPILER_GLOBAL_ACCENT_COLOR_NAME = AccentColor;
				BASE_URL = "http://3.37.142.60:8080";
				CODE_SIGN_ENTITLEMENTS = WishToGraduate/WishToGraduate.entitlements;
				CODE_SIGN_IDENTITY = "Apple Development";
				CODE_SIGN_STYLE = Automatic;
				CURRENT_PROJECT_VERSION = 1;
				DEVELOPMENT_TEAM = 665TA4D5B9;
				GENERATE_INFOPLIST_FILE = YES;
				INFOPLIST_FILE = WishToGraduate/Resource/Info.plist;
				INFOPLIST_KEY_CFBundleDisplayName = BLOW;
				INFOPLIST_KEY_NSPhotoLibraryUsageDescription = "사진 업로드를 위해 앨범 접근 권한이 필요합니다.";
				INFOPLIST_KEY_UIApplicationSupportsIndirectInputEvents = YES;
				INFOPLIST_KEY_UILaunchStoryboardName = LaunchScreen;
				INFOPLIST_KEY_UISupportedInterfaceOrientations_iPad = "UIInterfaceOrientationPortrait UIInterfaceOrientationPortraitUpsideDown UIInterfaceOrientationLandscapeLeft UIInterfaceOrientationLandscapeRight";
				INFOPLIST_KEY_UISupportedInterfaceOrientations_iPhone = "UIInterfaceOrientationPortrait UIInterfaceOrientationLandscapeLeft UIInterfaceOrientationLandscapeRight";
				IPHONEOS_DEPLOYMENT_TARGET = 16.0;
				LD_RUNPATH_SEARCH_PATHS = (
					"$(inherited)",
					"@executable_path/Frameworks",
				);
				MARKETING_VERSION = 1.0;
				PRODUCT_BUNDLE_IDENTIFIER = com.WishToGrate;
				PRODUCT_NAME = "$(TARGET_NAME)";
				PROVISIONING_PROFILE_SPECIFIER = "";
				SWIFT_EMIT_LOC_STRINGS = YES;
				SWIFT_VERSION = 5.0;
				TARGETED_DEVICE_FAMILY = "1,2";
			};
			name = Release;
		};
/* End XCBuildConfiguration section */

/* Begin XCConfigurationList section */
		03931AB62A2CA5F700B235D9 /* Build configuration list for PBXProject "WishToGraduate" */ = {
			isa = XCConfigurationList;
			buildConfigurations = (
				03931ACD2A2CA5F900B235D9 /* Debug */,
				03931ACE2A2CA5F900B235D9 /* Release */,
			);
			defaultConfigurationIsVisible = 0;
			defaultConfigurationName = Release;
		};
		03931ACF2A2CA5F900B235D9 /* Build configuration list for PBXNativeTarget "WishToGraduate" */ = {
			isa = XCConfigurationList;
			buildConfigurations = (
				03931AD02A2CA5F900B235D9 /* Debug */,
				03931AD12A2CA5F900B235D9 /* Release */,
			);
			defaultConfigurationIsVisible = 0;
			defaultConfigurationName = Release;
		};
/* End XCConfigurationList section */

/* Begin XCRemoteSwiftPackageReference section */
		03931B052A2CB4FC00B235D9 /* XCRemoteSwiftPackageReference "Then" */ = {
			isa = XCRemoteSwiftPackageReference;
			repositoryURL = "https://github.com/devxoul/Then";
			requirement = {
				kind = upToNextMajorVersion;
				minimumVersion = 3.0.0;
			};
		};
		03931B082A2CB50D00B235D9 /* XCRemoteSwiftPackageReference "SnapKit" */ = {
			isa = XCRemoteSwiftPackageReference;
			repositoryURL = "https://github.com/SnapKit/SnapKit";
			requirement = {
				kind = upToNextMajorVersion;
				minimumVersion = 5.0.0;
			};
		};
		03931B0B2A2CB56600B235D9 /* XCRemoteSwiftPackageReference "Moya" */ = {
			isa = XCRemoteSwiftPackageReference;
			repositoryURL = "https://github.com/Moya/Moya";
			requirement = {
				kind = upToNextMajorVersion;
				minimumVersion = 15.0.0;
			};
		};
		03931B0E2A2CB57900B235D9 /* XCRemoteSwiftPackageReference "Kingfisher" */ = {
			isa = XCRemoteSwiftPackageReference;
			repositoryURL = "https://github.com/onevcat/Kingfisher";
			requirement = {
				kind = upToNextMajorVersion;
				minimumVersion = 7.0.0;
			};
		};
		3BA183F82AB4059100C3D2D6 /* XCRemoteSwiftPackageReference "firebase-ios-sdk" */ = {
			isa = XCRemoteSwiftPackageReference;
			repositoryURL = "https://github.com/firebase/firebase-ios-sdk.git";
			requirement = {
				kind = upToNextMajorVersion;
				minimumVersion = 10.0.0;
			};
		};
/* End XCRemoteSwiftPackageReference section */

/* Begin XCSwiftPackageProductDependency section */
		03931B062A2CB4FC00B235D9 /* Then */ = {
			isa = XCSwiftPackageProductDependency;
			package = 03931B052A2CB4FC00B235D9 /* XCRemoteSwiftPackageReference "Then" */;
			productName = Then;
		};
		03931B092A2CB50E00B235D9 /* SnapKit */ = {
			isa = XCSwiftPackageProductDependency;
			package = 03931B082A2CB50D00B235D9 /* XCRemoteSwiftPackageReference "SnapKit" */;
			productName = SnapKit;
		};
		03931B0C2A2CB56600B235D9 /* Moya */ = {
			isa = XCSwiftPackageProductDependency;
			package = 03931B0B2A2CB56600B235D9 /* XCRemoteSwiftPackageReference "Moya" */;
			productName = Moya;
		};
		03931B0F2A2CB57900B235D9 /* Kingfisher */ = {
			isa = XCSwiftPackageProductDependency;
			package = 03931B0E2A2CB57900B235D9 /* XCRemoteSwiftPackageReference "Kingfisher" */;
			productName = Kingfisher;
		};
		3BA183F92AB4059100C3D2D6 /* FirebaseAnalytics */ = {
			isa = XCSwiftPackageProductDependency;
			package = 3BA183F82AB4059100C3D2D6 /* XCRemoteSwiftPackageReference "firebase-ios-sdk" */;
			productName = FirebaseAnalytics;
		};
		3BA183FB2AB4059100C3D2D6 /* FirebaseMessaging */ = {
			isa = XCSwiftPackageProductDependency;
			package = 3BA183F82AB4059100C3D2D6 /* XCRemoteSwiftPackageReference "firebase-ios-sdk" */;
			productName = FirebaseMessaging;
		};
/* End XCSwiftPackageProductDependency section */
	};
	rootObject = 03931AB32A2CA5F700B235D9 /* Project object */;
}
